// !$*UTF8*$!
{
	archiveVersion = 1;
	classes = {
	};
	objectVersion = 46;
	objects = {

/* Begin PBXBuildFile section */
		3ED7E11E8CD7F319DA8E2BEF /* StoreKitPersistence.swift in Sources */ = {isa = PBXBuildFile; fileRef = 3ED7EF9BC4C9374988B471D7 /* StoreKitPersistence.swift */; };
		4C00A4F51C1B7ED30078A43F /* PhotosViewDismissTransition.swift in Sources */ = {isa = PBXBuildFile; fileRef = 4C00A4F41C1B7ED30078A43F /* PhotosViewDismissTransition.swift */; };
		4C0410E61BC8787200BBB76C /* UIDevice.swift in Sources */ = {isa = PBXBuildFile; fileRef = 4C0410E51BC8787200BBB76C /* UIDevice.swift */; };
		4C0890181E6742B3005D39E3 /* KeychainConstants.swift in Sources */ = {isa = PBXBuildFile; fileRef = 4C0890171E6742B3005D39E3 /* KeychainConstants.swift */; };
		4C08901A1E674618005D39E3 /* Keychain.swift in Sources */ = {isa = PBXBuildFile; fileRef = 4C0890191E674618005D39E3 /* Keychain.swift */; };
		4C09B82F1C53F65700C7D40F /* Crashlytics.framework in Frameworks */ = {isa = PBXBuildFile; fileRef = 4C09B82D1C53F65700C7D40F /* Crashlytics.framework */; };
		4C09B8301C53F65700C7D40F /* Fabric.framework in Frameworks */ = {isa = PBXBuildFile; fileRef = 4C09B82E1C53F65700C7D40F /* Fabric.framework */; };
		4C211F4A1C3DB8270082F4DF /* NotificationCenter.framework in Frameworks */ = {isa = PBXBuildFile; fileRef = 4C211F491C3DB8270082F4DF /* NotificationCenter.framework */; };
		4C211F4D1C3DB8270082F4DF /* TodayViewController.swift in Sources */ = {isa = PBXBuildFile; fileRef = 4C211F4C1C3DB8270082F4DF /* TodayViewController.swift */; };
		4C211F501C3DB8270082F4DF /* MainInterface.storyboard in Resources */ = {isa = PBXBuildFile; fileRef = 4C211F4E1C3DB8270082F4DF /* MainInterface.storyboard */; };
		4C211F541C3DB8270082F4DF /* Photo Widget.appex in Embed App Extensions */ = {isa = PBXBuildFile; fileRef = 4C211F481C3DB8270082F4DF /* Photo Widget.appex */; settings = {ATTRIBUTES = (RemoveHeadersOnCopy, ); }; };
		4C2DFCAA1B9E21BC00AD6E16 /* NotificationManager.swift in Sources */ = {isa = PBXBuildFile; fileRef = 4C2DFCA91B9E21BC00AD6E16 /* NotificationManager.swift */; };
		4C315DF21C4A617C008003E1 /* TodayViewModel.swift in Sources */ = {isa = PBXBuildFile; fileRef = 4C315DF11C4A617C008003E1 /* TodayViewModel.swift */; };
		4C315DF31C4A8326008003E1 /* Images.xcassets in Resources */ = {isa = PBXBuildFile; fileRef = 4CEAA8F41B3340C600774FE8 /* Images.xcassets */; };
		4C315DF41C4A8337008003E1 /* Images.xcassets in Resources */ = {isa = PBXBuildFile; fileRef = 4CEAA8F41B3340C600774FE8 /* Images.xcassets */; };
		4C3334531B65712D00D907C8 /* PhotosViewModel.swift in Sources */ = {isa = PBXBuildFile; fileRef = 4C3334521B65712D00D907C8 /* PhotosViewModel.swift */; };
		4C3334551B659DAA00D907C8 /* ZoomingPhotoView.swift in Sources */ = {isa = PBXBuildFile; fileRef = 4C3334541B659DAA00D907C8 /* ZoomingPhotoView.swift */; };
		4C3747A71D46BFCA0070734D /* StatusBarViewController.swift in Sources */ = {isa = PBXBuildFile; fileRef = 4C3747A61D46BFCA0070734D /* StatusBarViewController.swift */; };
		4C3EA9D71E1F058D000D78EA /* ReactiveCocoa.framework in Frameworks */ = {isa = PBXBuildFile; fileRef = 4C3EA9D41E1F058D000D78EA /* ReactiveCocoa.framework */; };
		4C3EA9D81E1F058D000D78EA /* ReactiveSwift.framework in Frameworks */ = {isa = PBXBuildFile; fileRef = 4C3EA9D51E1F058D000D78EA /* ReactiveSwift.framework */; };
		4C3EA9D91E1F058D000D78EA /* Result.framework in Frameworks */ = {isa = PBXBuildFile; fileRef = 4C3EA9D61E1F058D000D78EA /* Result.framework */; };
		4C58C31A1E731D2800D8FA14 /* PhotoLibraryAuthorization.swift in Sources */ = {isa = PBXBuildFile; fileRef = 4C58C3191E731D2800D8FA14 /* PhotoLibraryAuthorization.swift */; };
		4C5B90281B5D9C590014A87C /* GridHeaderView.swift in Sources */ = {isa = PBXBuildFile; fileRef = 4C5B90271B5D9C590014A87C /* GridHeaderView.swift */; };
		4C6299AD1B4CB0AD00B8795E /* PhotosViewController.swift in Sources */ = {isa = PBXBuildFile; fileRef = 4C6299AC1B4CB0AD00B8795E /* PhotosViewController.swift */; };
		4C65B5B01E36137900DF2465 /* IndexSet.swift in Sources */ = {isa = PBXBuildFile; fileRef = 4C65B5AF1E36137900DF2465 /* IndexSet.swift */; };
		4C69E63A1DCA73F1004D6F5C /* MediaView.swift in Sources */ = {isa = PBXBuildFile; fileRef = 4C69E6391DCA73F1004D6F5C /* MediaView.swift */; };
		4C6F48EF1B69850F00CF7E67 /* DismissSegue.swift in Sources */ = {isa = PBXBuildFile; fileRef = 4C6F48EE1B69850F00CF7E67 /* DismissSegue.swift */; };
		4C748EB11DE09D94005F44DD /* ScrubberView.swift in Sources */ = {isa = PBXBuildFile; fileRef = 4C748EB01DE09D94005F44DD /* ScrubberView.swift */; };
		4C758BB31DD6712D00AE9D9F /* CAShapeLayer.swift in Sources */ = {isa = PBXBuildFile; fileRef = 4C758BB21DD6712C00AE9D9F /* CAShapeLayer.swift */; };
		4C758BB51DD676FC00AE9D9F /* UIBezierPath.swift in Sources */ = {isa = PBXBuildFile; fileRef = 4C758BB41DD676FC00AE9D9F /* UIBezierPath.swift */; };
		4C758BB71DD67A0400AE9D9F /* CALayer.swift in Sources */ = {isa = PBXBuildFile; fileRef = 4C758BB61DD67A0400AE9D9F /* CALayer.swift */; };
		4C758BB91DD67E7B00AE9D9F /* UIButton.swift in Sources */ = {isa = PBXBuildFile; fileRef = 4C758BB81DD67E7B00AE9D9F /* UIButton.swift */; };
		4C758BBB1DD685E700AE9D9F /* PlayerController.swift in Sources */ = {isa = PBXBuildFile; fileRef = 4C758BBA1DD685E700AE9D9F /* PlayerController.swift */; };
		4C7C12DF1E4F376A0061C9E5 /* PhotoViewModel.swift in Sources */ = {isa = PBXBuildFile; fileRef = 4C7C12DE1E4F376A0061C9E5 /* PhotoViewModel.swift */; };
		4C8594CC1BB33D49005CCFAC /* Cartography.framework in Frameworks */ = {isa = PBXBuildFile; fileRef = 4C8594C51BB33CF5005CCFAC /* Cartography.framework */; };
		4C8594CD1BB33D4C005CCFAC /* DACircularProgress.framework in Frameworks */ = {isa = PBXBuildFile; fileRef = 4C8594C91BB33D02005CCFAC /* DACircularProgress.framework */; };
		4C8594D11BB33E27005CCFAC /* Cartography.framework.dSYM in CopyFiles */ = {isa = PBXBuildFile; fileRef = 4C8594D01BB33E27005CCFAC /* Cartography.framework.dSYM */; };
		4C8594D31BB33E2F005CCFAC /* DACircularProgress.framework.dSYM in CopyFiles */ = {isa = PBXBuildFile; fileRef = 4C8594D21BB33E2F005CCFAC /* DACircularProgress.framework.dSYM */; };
		4C91432C1BA958CC001B30A9 /* notification.mp3 in Resources */ = {isa = PBXBuildFile; fileRef = 4C91432B1BA958CC001B30A9 /* notification.mp3 */; };
		4C921FD21C1A038800F0411D /* PhotosViewPresentTransition.swift in Sources */ = {isa = PBXBuildFile; fileRef = 4C921FD11C1A038800F0411D /* PhotosViewPresentTransition.swift */; };
		4C989BE11BA780BB00D4C13F /* SettingsViewModel.swift in Sources */ = {isa = PBXBuildFile; fileRef = 4C989BE01BA780BB00D4C13F /* SettingsViewModel.swift */; };
		4CA4ECCE1DCCE3AA00A6B664 /* VideoView.swift in Sources */ = {isa = PBXBuildFile; fileRef = 4CA4ECCD1DCCE3AA00A6B664 /* VideoView.swift */; };
		4CA5E1831DEA42950019CA26 /* DateComponentsFormatter.swift in Sources */ = {isa = PBXBuildFile; fileRef = 4CA5E1821DEA42950019CA26 /* DateComponentsFormatter.swift */; };
		4CAAF0751B827EAD00AE47C3 /* PullView.swift in Sources */ = {isa = PBXBuildFile; fileRef = 4CAAF0741B827EAD00AE47C3 /* PullView.swift */; };
		4CABEE221CAAF08500A9F23A /* UITraitEnvironment.swift in Sources */ = {isa = PBXBuildFile; fileRef = 4CABEE211CAAF08500A9F23A /* UITraitEnvironment.swift */; };
		4CAE01E01E69D8C800046317 /* ReactiveSwift.framework in Frameworks */ = {isa = PBXBuildFile; fileRef = 4C3EA9D51E1F058D000D78EA /* ReactiveSwift.framework */; };
		4CAE01E11E69D8C800046317 /* Result.framework in Frameworks */ = {isa = PBXBuildFile; fileRef = 4C3EA9D61E1F058D000D78EA /* Result.framework */; };
		4CB674B51BA1EBC7001F401A /* SettingsViewController.swift in Sources */ = {isa = PBXBuildFile; fileRef = 4CB674B41BA1EBC7001F401A /* SettingsViewController.swift */; };
		4CBA89671BBC926100913336 /* UpgradeManager.swift in Sources */ = {isa = PBXBuildFile; fileRef = 4CBA89661BBC926100913336 /* UpgradeManager.swift */; };
		4CBA89691BBC9BF300913336 /* Security.framework in Frameworks */ = {isa = PBXBuildFile; fileRef = 4CBA89681BBC9BF300913336 /* Security.framework */; };
		4CD790181DD60DE000EEE452 /* With.swift in Sources */ = {isa = PBXBuildFile; fileRef = 4CD790171DD60DE000EEE452 /* With.swift */; };
		4CE6FB271EAFF6DF00CC5D01 /* SwiftyStoreKit.framework in Frameworks */ = {isa = PBXBuildFile; fileRef = 4CE6FB261EAFF6DF00CC5D01 /* SwiftyStoreKit.framework */; };
		4CE6FB341EAFF85000CC5D01 /* ReactiveCocoa.framework.dSYM in CopyFiles */ = {isa = PBXBuildFile; fileRef = 4CE6FB301EAFF85000CC5D01 /* ReactiveCocoa.framework.dSYM */; };
		4CE6FB351EAFF85000CC5D01 /* ReactiveSwift.framework.dSYM in CopyFiles */ = {isa = PBXBuildFile; fileRef = 4CE6FB311EAFF85000CC5D01 /* ReactiveSwift.framework.dSYM */; };
		4CE6FB361EAFF85000CC5D01 /* Result.framework.dSYM in CopyFiles */ = {isa = PBXBuildFile; fileRef = 4CE6FB321EAFF85000CC5D01 /* Result.framework.dSYM */; };
		4CE6FB371EAFF85000CC5D01 /* SwiftyStoreKit.framework.dSYM in CopyFiles */ = {isa = PBXBuildFile; fileRef = 4CE6FB331EAFF85000CC5D01 /* SwiftyStoreKit.framework.dSYM */; };
		4CE8BD971C03BBE500207BE1 /* DatePickerViewController.swift in Sources */ = {isa = PBXBuildFile; fileRef = 4CE8BD961C03BBE500207BE1 /* DatePickerViewController.swift */; };
		4CEAA8EE1B3340C600774FE8 /* AppDelegate.swift in Sources */ = {isa = PBXBuildFile; fileRef = 4CEAA8ED1B3340C600774FE8 /* AppDelegate.swift */; };
		4CEAA8F31B3340C600774FE8 /* Main.storyboard in Resources */ = {isa = PBXBuildFile; fileRef = 4CEAA8F11B3340C600774FE8 /* Main.storyboard */; };
		4CEAA90E1B3343F700774FE8 /* GridViewController.swift in Sources */ = {isa = PBXBuildFile; fileRef = 4CEAA90D1B3343F700774FE8 /* GridViewController.swift */; };
		4CEAA9101B33462600774FE8 /* GridViewCell.swift in Sources */ = {isa = PBXBuildFile; fileRef = 4CEAA90F1B33462600774FE8 /* GridViewCell.swift */; };
		4CF4104E1C4BB099002FD49A /* PHAssetHelper.h in Headers */ = {isa = PBXBuildFile; fileRef = 4CF4104D1C4BB099002FD49A /* PHAssetHelper.h */; settings = {ATTRIBUTES = (Public, ); }; };
		4CF410521C4BB099002FD49A /* PHAssetHelper.framework in Frameworks */ = {isa = PBXBuildFile; fileRef = 4CF4104B1C4BB098002FD49A /* PHAssetHelper.framework */; };
		4CF410531C4BB099002FD49A /* PHAssetHelper.framework in Embed Frameworks */ = {isa = PBXBuildFile; fileRef = 4CF4104B1C4BB098002FD49A /* PHAssetHelper.framework */; settings = {ATTRIBUTES = (CodeSignOnCopy, RemoveHeadersOnCopy, ); }; };
		4CF410591C4BB112002FD49A /* PHAssetHelper.swift in Sources */ = {isa = PBXBuildFile; fileRef = 4CF410581C4BB112002FD49A /* PHAssetHelper.swift */; };
		4CF4105A1C4BB466002FD49A /* PHAssetHelper.framework in Frameworks */ = {isa = PBXBuildFile; fileRef = 4CF4104B1C4BB098002FD49A /* PHAssetHelper.framework */; };
		4CF4105C1C4BB732002FD49A /* Date.swift in Sources */ = {isa = PBXBuildFile; fileRef = 4CF4105B1C4BB732002FD49A /* Date.swift */; };
		4CF4105D1C4BC044002FD49A /* Date.swift in Sources */ = {isa = PBXBuildFile; fileRef = 4CF4105B1C4BB732002FD49A /* Date.swift */; };
		4CF4105E1C4BC045002FD49A /* Date.swift in Sources */ = {isa = PBXBuildFile; fileRef = 4CF4105B1C4BB732002FD49A /* Date.swift */; };
		4CF574801C06749B00D12ADB /* DatePickerRowView.swift in Sources */ = {isa = PBXBuildFile; fileRef = 4CF5747F1C06749B00D12ADB /* DatePickerRowView.swift */; };
		4CF5FEEF1B58212700F8517D /* GridViewModel.swift in Sources */ = {isa = PBXBuildFile; fileRef = 4CF5FEEE1B58212700F8517D /* GridViewModel.swift */; };
		4CFD0DE71E68676500C12C87 /* PhotoLibraryObserver.swift in Sources */ = {isa = PBXBuildFile; fileRef = 4CFD0DE61E68676500C12C87 /* PhotoLibraryObserver.swift */; };
/* End PBXBuildFile section */

/* Begin PBXContainerItemProxy section */
		4C211F521C3DB8270082F4DF /* PBXContainerItemProxy */ = {
			isa = PBXContainerItemProxy;
			containerPortal = 4CEAA8E01B3340C600774FE8 /* Project object */;
			proxyType = 1;
			remoteGlobalIDString = 4C211F471C3DB8270082F4DF;
			remoteInfo = "Photo Widget";
		};
		4CF410501C4BB099002FD49A /* PBXContainerItemProxy */ = {
			isa = PBXContainerItemProxy;
			containerPortal = 4CEAA8E01B3340C600774FE8 /* Project object */;
			proxyType = 1;
			remoteGlobalIDString = 4CF4104A1C4BB098002FD49A;
			remoteInfo = PHAssetHelper;
		};
/* End PBXContainerItemProxy section */

/* Begin PBXCopyFilesBuildPhase section */
		4C211F581C3DB8270082F4DF /* Embed App Extensions */ = {
			isa = PBXCopyFilesBuildPhase;
			buildActionMask = 2147483647;
			dstPath = "";
			dstSubfolderSpec = 13;
			files = (
				4C211F541C3DB8270082F4DF /* Photo Widget.appex in Embed App Extensions */,
			);
			name = "Embed App Extensions";
			runOnlyForDeploymentPostprocessing = 0;
		};
		4C8594CF1BB33E01005CCFAC /* CopyFiles */ = {
			isa = PBXCopyFilesBuildPhase;
			buildActionMask = 2147483647;
			dstPath = "";
			dstSubfolderSpec = 16;
			files = (
				4CE6FB341EAFF85000CC5D01 /* ReactiveCocoa.framework.dSYM in CopyFiles */,
				4CE6FB351EAFF85000CC5D01 /* ReactiveSwift.framework.dSYM in CopyFiles */,
				4CE6FB361EAFF85000CC5D01 /* Result.framework.dSYM in CopyFiles */,
				4CE6FB371EAFF85000CC5D01 /* SwiftyStoreKit.framework.dSYM in CopyFiles */,
				4C8594D11BB33E27005CCFAC /* Cartography.framework.dSYM in CopyFiles */,
				4C8594D31BB33E2F005CCFAC /* DACircularProgress.framework.dSYM in CopyFiles */,
			);
			runOnlyForDeploymentPostprocessing = 0;
		};
		4CF410571C4BB099002FD49A /* Embed Frameworks */ = {
			isa = PBXCopyFilesBuildPhase;
			buildActionMask = 2147483647;
			dstPath = "";
			dstSubfolderSpec = 10;
			files = (
				4CF410531C4BB099002FD49A /* PHAssetHelper.framework in Embed Frameworks */,
			);
			name = "Embed Frameworks";
			runOnlyForDeploymentPostprocessing = 0;
		};
/* End PBXCopyFilesBuildPhase section */

/* Begin PBXFileReference section */
		3ED7EF9BC4C9374988B471D7 /* StoreKitPersistence.swift */ = {isa = PBXFileReference; fileEncoding = 4; lastKnownFileType = sourcecode.swift; path = StoreKitPersistence.swift; sourceTree = "<group>"; };
		4C00A4F41C1B7ED30078A43F /* PhotosViewDismissTransition.swift */ = {isa = PBXFileReference; fileEncoding = 4; lastKnownFileType = sourcecode.swift; path = PhotosViewDismissTransition.swift; sourceTree = "<group>"; };
		4C0410E51BC8787200BBB76C /* UIDevice.swift */ = {isa = PBXFileReference; fileEncoding = 4; lastKnownFileType = sourcecode.swift; path = UIDevice.swift; sourceTree = "<group>"; };
		4C0890171E6742B3005D39E3 /* KeychainConstants.swift */ = {isa = PBXFileReference; fileEncoding = 4; lastKnownFileType = sourcecode.swift; path = KeychainConstants.swift; sourceTree = "<group>"; };
		4C0890191E674618005D39E3 /* Keychain.swift */ = {isa = PBXFileReference; fileEncoding = 4; lastKnownFileType = sourcecode.swift; path = Keychain.swift; sourceTree = "<group>"; };
		4C09B82D1C53F65700C7D40F /* Crashlytics.framework */ = {isa = PBXFileReference; lastKnownFileType = wrapper.framework; path = Crashlytics.framework; sourceTree = "<group>"; };
		4C09B82E1C53F65700C7D40F /* Fabric.framework */ = {isa = PBXFileReference; lastKnownFileType = wrapper.framework; path = Fabric.framework; sourceTree = "<group>"; };
		4C211F481C3DB8270082F4DF /* Photo Widget.appex */ = {isa = PBXFileReference; explicitFileType = "wrapper.app-extension"; includeInIndex = 0; path = "Photo Widget.appex"; sourceTree = BUILT_PRODUCTS_DIR; };
		4C211F491C3DB8270082F4DF /* NotificationCenter.framework */ = {isa = PBXFileReference; lastKnownFileType = wrapper.framework; name = NotificationCenter.framework; path = System/Library/Frameworks/NotificationCenter.framework; sourceTree = SDKROOT; };
		4C211F4C1C3DB8270082F4DF /* TodayViewController.swift */ = {isa = PBXFileReference; lastKnownFileType = sourcecode.swift; path = TodayViewController.swift; sourceTree = "<group>"; };
		4C211F4F1C3DB8270082F4DF /* Base */ = {isa = PBXFileReference; lastKnownFileType = file.storyboard; name = Base; path = Base.lproj/MainInterface.storyboard; sourceTree = "<group>"; };
		4C211F511C3DB8270082F4DF /* Info.plist */ = {isa = PBXFileReference; lastKnownFileType = text.plist.xml; path = Info.plist; sourceTree = "<group>"; };
		4C2DFCA91B9E21BC00AD6E16 /* NotificationManager.swift */ = {isa = PBXFileReference; fileEncoding = 4; lastKnownFileType = sourcecode.swift; path = NotificationManager.swift; sourceTree = "<group>"; };
		4C315DF11C4A617C008003E1 /* TodayViewModel.swift */ = {isa = PBXFileReference; fileEncoding = 4; lastKnownFileType = sourcecode.swift; path = TodayViewModel.swift; sourceTree = "<group>"; };
		4C3334521B65712D00D907C8 /* PhotosViewModel.swift */ = {isa = PBXFileReference; fileEncoding = 4; lastKnownFileType = sourcecode.swift; path = PhotosViewModel.swift; sourceTree = "<group>"; };
		4C3334541B659DAA00D907C8 /* ZoomingPhotoView.swift */ = {isa = PBXFileReference; fileEncoding = 4; lastKnownFileType = sourcecode.swift; path = ZoomingPhotoView.swift; sourceTree = "<group>"; };
		4C3747A61D46BFCA0070734D /* StatusBarViewController.swift */ = {isa = PBXFileReference; fileEncoding = 4; lastKnownFileType = sourcecode.swift; path = StatusBarViewController.swift; sourceTree = "<group>"; };
		4C3EA9D41E1F058D000D78EA /* ReactiveCocoa.framework */ = {isa = PBXFileReference; lastKnownFileType = wrapper.framework; name = ReactiveCocoa.framework; path = Carthage/Build/iOS/ReactiveCocoa.framework; sourceTree = "<group>"; };
		4C3EA9D51E1F058D000D78EA /* ReactiveSwift.framework */ = {isa = PBXFileReference; lastKnownFileType = wrapper.framework; name = ReactiveSwift.framework; path = Carthage/Build/iOS/ReactiveSwift.framework; sourceTree = "<group>"; };
		4C3EA9D61E1F058D000D78EA /* Result.framework */ = {isa = PBXFileReference; lastKnownFileType = wrapper.framework; name = Result.framework; path = Carthage/Build/iOS/Result.framework; sourceTree = "<group>"; };
		4C58C3191E731D2800D8FA14 /* PhotoLibraryAuthorization.swift */ = {isa = PBXFileReference; fileEncoding = 4; lastKnownFileType = sourcecode.swift; path = PhotoLibraryAuthorization.swift; sourceTree = "<group>"; };
		4C5B90271B5D9C590014A87C /* GridHeaderView.swift */ = {isa = PBXFileReference; fileEncoding = 4; lastKnownFileType = sourcecode.swift; path = GridHeaderView.swift; sourceTree = "<group>"; };
		4C6299AC1B4CB0AD00B8795E /* PhotosViewController.swift */ = {isa = PBXFileReference; fileEncoding = 4; lastKnownFileType = sourcecode.swift; path = PhotosViewController.swift; sourceTree = "<group>"; };
		4C65B5AF1E36137900DF2465 /* IndexSet.swift */ = {isa = PBXFileReference; fileEncoding = 4; lastKnownFileType = sourcecode.swift; path = IndexSet.swift; sourceTree = "<group>"; };
		4C69E6391DCA73F1004D6F5C /* MediaView.swift */ = {isa = PBXFileReference; fileEncoding = 4; lastKnownFileType = sourcecode.swift; path = MediaView.swift; sourceTree = "<group>"; };
		4C6F48EE1B69850F00CF7E67 /* DismissSegue.swift */ = {isa = PBXFileReference; fileEncoding = 4; lastKnownFileType = sourcecode.swift; path = DismissSegue.swift; sourceTree = "<group>"; };
		4C6FF0461CED11E9001994DC /* Memories.entitlements */ = {isa = PBXFileReference; lastKnownFileType = text.xml; name = Memories.entitlements; path = ../Memories.entitlements; sourceTree = "<group>"; };
		4C6FF0491CED12D5001994DC /* Photo Widget.entitlements */ = {isa = PBXFileReference; lastKnownFileType = text.xml; path = "Photo Widget.entitlements"; sourceTree = "<group>"; };
		4C748EB01DE09D94005F44DD /* ScrubberView.swift */ = {isa = PBXFileReference; fileEncoding = 4; lastKnownFileType = sourcecode.swift; path = ScrubberView.swift; sourceTree = "<group>"; };
		4C758BB21DD6712C00AE9D9F /* CAShapeLayer.swift */ = {isa = PBXFileReference; fileEncoding = 4; lastKnownFileType = sourcecode.swift; path = CAShapeLayer.swift; sourceTree = "<group>"; };
		4C758BB41DD676FC00AE9D9F /* UIBezierPath.swift */ = {isa = PBXFileReference; fileEncoding = 4; lastKnownFileType = sourcecode.swift; path = UIBezierPath.swift; sourceTree = "<group>"; };
		4C758BB61DD67A0400AE9D9F /* CALayer.swift */ = {isa = PBXFileReference; fileEncoding = 4; lastKnownFileType = sourcecode.swift; path = CALayer.swift; sourceTree = "<group>"; };
		4C758BB81DD67E7B00AE9D9F /* UIButton.swift */ = {isa = PBXFileReference; fileEncoding = 4; lastKnownFileType = sourcecode.swift; path = UIButton.swift; sourceTree = "<group>"; };
		4C758BBA1DD685E700AE9D9F /* PlayerController.swift */ = {isa = PBXFileReference; fileEncoding = 4; lastKnownFileType = sourcecode.swift; path = PlayerController.swift; sourceTree = "<group>"; };
		4C7C12DE1E4F376A0061C9E5 /* PhotoViewModel.swift */ = {isa = PBXFileReference; fileEncoding = 4; lastKnownFileType = sourcecode.swift; path = PhotoViewModel.swift; sourceTree = "<group>"; };
		4C8594C51BB33CF5005CCFAC /* Cartography.framework */ = {isa = PBXFileReference; lastKnownFileType = wrapper.framework; name = Cartography.framework; path = Carthage/Build/iOS/Cartography.framework; sourceTree = "<group>"; };
		4C8594C91BB33D02005CCFAC /* DACircularProgress.framework */ = {isa = PBXFileReference; lastKnownFileType = wrapper.framework; name = DACircularProgress.framework; path = Carthage/Build/iOS/DACircularProgress.framework; sourceTree = "<group>"; };
		4C8594D01BB33E27005CCFAC /* Cartography.framework.dSYM */ = {isa = PBXFileReference; lastKnownFileType = wrapper.dsym; name = Cartography.framework.dSYM; path = Carthage/Build/iOS/Cartography.framework.dSYM; sourceTree = "<group>"; };
		4C8594D21BB33E2F005CCFAC /* DACircularProgress.framework.dSYM */ = {isa = PBXFileReference; lastKnownFileType = wrapper.dsym; name = DACircularProgress.framework.dSYM; path = Carthage/Build/iOS/DACircularProgress.framework.dSYM; sourceTree = "<group>"; };
		4C91432B1BA958CC001B30A9 /* notification.mp3 */ = {isa = PBXFileReference; lastKnownFileType = audio.mp3; path = notification.mp3; sourceTree = "<group>"; };
		4C921FD11C1A038800F0411D /* PhotosViewPresentTransition.swift */ = {isa = PBXFileReference; fileEncoding = 4; lastKnownFileType = sourcecode.swift; path = PhotosViewPresentTransition.swift; sourceTree = "<group>"; };
		4C989BE01BA780BB00D4C13F /* SettingsViewModel.swift */ = {isa = PBXFileReference; fileEncoding = 4; lastKnownFileType = sourcecode.swift; path = SettingsViewModel.swift; sourceTree = "<group>"; };
		4CA4ECCD1DCCE3AA00A6B664 /* VideoView.swift */ = {isa = PBXFileReference; fileEncoding = 4; lastKnownFileType = sourcecode.swift; path = VideoView.swift; sourceTree = "<group>"; };
		4CA5E1821DEA42950019CA26 /* DateComponentsFormatter.swift */ = {isa = PBXFileReference; fileEncoding = 4; lastKnownFileType = sourcecode.swift; path = DateComponentsFormatter.swift; sourceTree = "<group>"; };
		4CAAF0741B827EAD00AE47C3 /* PullView.swift */ = {isa = PBXFileReference; fileEncoding = 4; lastKnownFileType = sourcecode.swift; path = PullView.swift; sourceTree = "<group>"; };
		4CABEE211CAAF08500A9F23A /* UITraitEnvironment.swift */ = {isa = PBXFileReference; fileEncoding = 4; lastKnownFileType = sourcecode.swift; path = UITraitEnvironment.swift; sourceTree = "<group>"; };
		4CB674B41BA1EBC7001F401A /* SettingsViewController.swift */ = {isa = PBXFileReference; fileEncoding = 4; lastKnownFileType = sourcecode.swift; path = SettingsViewController.swift; sourceTree = "<group>"; };
		4CBA89661BBC926100913336 /* UpgradeManager.swift */ = {isa = PBXFileReference; fileEncoding = 4; lastKnownFileType = sourcecode.swift; path = UpgradeManager.swift; sourceTree = "<group>"; };
		4CBA89681BBC9BF300913336 /* Security.framework */ = {isa = PBXFileReference; lastKnownFileType = wrapper.framework; name = Security.framework; path = System/Library/Frameworks/Security.framework; sourceTree = SDKROOT; };
		4CD790171DD60DE000EEE452 /* With.swift */ = {isa = PBXFileReference; fileEncoding = 4; lastKnownFileType = sourcecode.swift; path = With.swift; sourceTree = "<group>"; };
		4CE6FB261EAFF6DF00CC5D01 /* SwiftyStoreKit.framework */ = {isa = PBXFileReference; lastKnownFileType = wrapper.framework; name = SwiftyStoreKit.framework; path = Carthage/Build/iOS/SwiftyStoreKit.framework; sourceTree = "<group>"; };
		4CE6FB301EAFF85000CC5D01 /* ReactiveCocoa.framework.dSYM */ = {isa = PBXFileReference; lastKnownFileType = wrapper.dsym; name = ReactiveCocoa.framework.dSYM; path = Carthage/Build/iOS/ReactiveCocoa.framework.dSYM; sourceTree = "<group>"; };
		4CE6FB311EAFF85000CC5D01 /* ReactiveSwift.framework.dSYM */ = {isa = PBXFileReference; lastKnownFileType = wrapper.dsym; name = ReactiveSwift.framework.dSYM; path = Carthage/Build/iOS/ReactiveSwift.framework.dSYM; sourceTree = "<group>"; };
		4CE6FB321EAFF85000CC5D01 /* Result.framework.dSYM */ = {isa = PBXFileReference; lastKnownFileType = wrapper.dsym; name = Result.framework.dSYM; path = Carthage/Build/iOS/Result.framework.dSYM; sourceTree = "<group>"; };
		4CE6FB331EAFF85000CC5D01 /* SwiftyStoreKit.framework.dSYM */ = {isa = PBXFileReference; lastKnownFileType = wrapper.dsym; name = SwiftyStoreKit.framework.dSYM; path = Carthage/Build/iOS/SwiftyStoreKit.framework.dSYM; sourceTree = "<group>"; };
		4CE8BD961C03BBE500207BE1 /* DatePickerViewController.swift */ = {isa = PBXFileReference; fileEncoding = 4; lastKnownFileType = sourcecode.swift; path = DatePickerViewController.swift; sourceTree = "<group>"; };
		4CEAA8E81B3340C600774FE8 /* Memories.app */ = {isa = PBXFileReference; explicitFileType = wrapper.application; includeInIndex = 0; path = Memories.app; sourceTree = BUILT_PRODUCTS_DIR; };
		4CEAA8EC1B3340C600774FE8 /* Info.plist */ = {isa = PBXFileReference; lastKnownFileType = text.plist.xml; path = Info.plist; sourceTree = "<group>"; };
		4CEAA8ED1B3340C600774FE8 /* AppDelegate.swift */ = {isa = PBXFileReference; lastKnownFileType = sourcecode.swift; path = AppDelegate.swift; sourceTree = "<group>"; };
		4CEAA8F21B3340C600774FE8 /* Base */ = {isa = PBXFileReference; lastKnownFileType = file.storyboard; name = Base; path = Base.lproj/Main.storyboard; sourceTree = "<group>"; };
		4CEAA8F41B3340C600774FE8 /* Images.xcassets */ = {isa = PBXFileReference; lastKnownFileType = folder.assetcatalog; path = Images.xcassets; sourceTree = "<group>"; };
		4CEAA90D1B3343F700774FE8 /* GridViewController.swift */ = {isa = PBXFileReference; fileEncoding = 4; lastKnownFileType = sourcecode.swift; path = GridViewController.swift; sourceTree = "<group>"; };
		4CEAA90F1B33462600774FE8 /* GridViewCell.swift */ = {isa = PBXFileReference; fileEncoding = 4; lastKnownFileType = sourcecode.swift; path = GridViewCell.swift; sourceTree = "<group>"; };
		4CF4104B1C4BB098002FD49A /* PHAssetHelper.framework */ = {isa = PBXFileReference; explicitFileType = wrapper.framework; includeInIndex = 0; path = PHAssetHelper.framework; sourceTree = BUILT_PRODUCTS_DIR; };
		4CF4104D1C4BB099002FD49A /* PHAssetHelper.h */ = {isa = PBXFileReference; lastKnownFileType = sourcecode.c.h; path = PHAssetHelper.h; sourceTree = "<group>"; };
		4CF4104F1C4BB099002FD49A /* Info.plist */ = {isa = PBXFileReference; lastKnownFileType = text.plist.xml; path = Info.plist; sourceTree = "<group>"; };
		4CF410581C4BB112002FD49A /* PHAssetHelper.swift */ = {isa = PBXFileReference; fileEncoding = 4; lastKnownFileType = sourcecode.swift; path = PHAssetHelper.swift; sourceTree = "<group>"; };
		4CF4105B1C4BB732002FD49A /* Date.swift */ = {isa = PBXFileReference; fileEncoding = 4; lastKnownFileType = sourcecode.swift; path = Date.swift; sourceTree = "<group>"; };
		4CF5747F1C06749B00D12ADB /* DatePickerRowView.swift */ = {isa = PBXFileReference; fileEncoding = 4; lastKnownFileType = sourcecode.swift; path = DatePickerRowView.swift; sourceTree = "<group>"; };
		4CF5FEEE1B58212700F8517D /* GridViewModel.swift */ = {isa = PBXFileReference; fileEncoding = 4; lastKnownFileType = sourcecode.swift; path = GridViewModel.swift; sourceTree = "<group>"; };
		4CFD0DE61E68676500C12C87 /* PhotoLibraryObserver.swift */ = {isa = PBXFileReference; fileEncoding = 4; lastKnownFileType = sourcecode.swift; path = PhotoLibraryObserver.swift; sourceTree = "<group>"; };
/* End PBXFileReference section */

/* Begin PBXFrameworksBuildPhase section */
		4C211F451C3DB8270082F4DF /* Frameworks */ = {
			isa = PBXFrameworksBuildPhase;
			buildActionMask = 2147483647;
			files = (
				4CAE01E01E69D8C800046317 /* ReactiveSwift.framework in Frameworks */,
				4CAE01E11E69D8C800046317 /* Result.framework in Frameworks */,
				4CF4105A1C4BB466002FD49A /* PHAssetHelper.framework in Frameworks */,
				4C211F4A1C3DB8270082F4DF /* NotificationCenter.framework in Frameworks */,
			);
			runOnlyForDeploymentPostprocessing = 0;
		};
		4CEAA8E51B3340C600774FE8 /* Frameworks */ = {
			isa = PBXFrameworksBuildPhase;
			buildActionMask = 2147483647;
			files = (
				4CE6FB271EAFF6DF00CC5D01 /* SwiftyStoreKit.framework in Frameworks */,
				4C3EA9D71E1F058D000D78EA /* ReactiveCocoa.framework in Frameworks */,
				4C3EA9D81E1F058D000D78EA /* ReactiveSwift.framework in Frameworks */,
				4C3EA9D91E1F058D000D78EA /* Result.framework in Frameworks */,
				4C09B8301C53F65700C7D40F /* Fabric.framework in Frameworks */,
				4C09B82F1C53F65700C7D40F /* Crashlytics.framework in Frameworks */,
				4CBA89691BBC9BF300913336 /* Security.framework in Frameworks */,
				4CF410521C4BB099002FD49A /* PHAssetHelper.framework in Frameworks */,
				4C8594CC1BB33D49005CCFAC /* Cartography.framework in Frameworks */,
				4C8594CD1BB33D4C005CCFAC /* DACircularProgress.framework in Frameworks */,
			);
			runOnlyForDeploymentPostprocessing = 0;
		};
		4CF410471C4BB098002FD49A /* Frameworks */ = {
			isa = PBXFrameworksBuildPhase;
			buildActionMask = 2147483647;
			files = (
			);
			runOnlyForDeploymentPostprocessing = 0;
		};
/* End PBXFrameworksBuildPhase section */

/* Begin PBXGroup section */
		4C0890161E674227005D39E3 /* Keychain */ = {
			isa = PBXGroup;
			children = (
				4C0890171E6742B3005D39E3 /* KeychainConstants.swift */,
				4C0890191E674618005D39E3 /* Keychain.swift */,
				3ED7EF9BC4C9374988B471D7 /* StoreKitPersistence.swift */,
			);
			path = Keychain;
			sourceTree = "<group>";
		};
		4C211F4B1C3DB8270082F4DF /* Photo Widget */ = {
			isa = PBXGroup;
			children = (
				4C6FF0491CED12D5001994DC /* Photo Widget.entitlements */,
				4C211F511C3DB8270082F4DF /* Info.plist */,
				4C211F4E1C3DB8270082F4DF /* MainInterface.storyboard */,
				4C211F4C1C3DB8270082F4DF /* TodayViewController.swift */,
				4C315DF11C4A617C008003E1 /* TodayViewModel.swift */,
			);
			path = "Photo Widget";
			sourceTree = "<group>";
		};
		4C641B8A1C3DB240004B15D7 /* Utilities */ = {
			isa = PBXGroup;
			children = (
				4CF4105B1C4BB732002FD49A /* Date.swift */,
				4C6F48EE1B69850F00CF7E67 /* DismissSegue.swift */,
				4C0410E51BC8787200BBB76C /* UIDevice.swift */,
				4CABEE211CAAF08500A9F23A /* UITraitEnvironment.swift */,
				4C3747A61D46BFCA0070734D /* StatusBarViewController.swift */,
				4CD790171DD60DE000EEE452 /* With.swift */,
				4C758BB21DD6712C00AE9D9F /* CAShapeLayer.swift */,
				4C758BB41DD676FC00AE9D9F /* UIBezierPath.swift */,
				4C758BB61DD67A0400AE9D9F /* CALayer.swift */,
				4C758BB81DD67E7B00AE9D9F /* UIButton.swift */,
				4CA5E1821DEA42950019CA26 /* DateComponentsFormatter.swift */,
				4C65B5AF1E36137900DF2465 /* IndexSet.swift */,
				4CFD0DE61E68676500C12C87 /* PhotoLibraryObserver.swift */,
				4C58C3191E731D2800D8FA14 /* PhotoLibraryAuthorization.swift */,
			);
			path = Utilities;
			sourceTree = "<group>";
		};
		4C641B8B1C3DB274004B15D7 /* Managers */ = {
			isa = PBXGroup;
			children = (
				4C2DFCA91B9E21BC00AD6E16 /* NotificationManager.swift */,
				4CBA89661BBC926100913336 /* UpgradeManager.swift */,
			);
			path = Managers;
			sourceTree = "<group>";
		};
		4C641B8C1C3DB2A5004B15D7 /* Grid View */ = {
			isa = PBXGroup;
			children = (
				4C5B90271B5D9C590014A87C /* GridHeaderView.swift */,
				4CEAA90F1B33462600774FE8 /* GridViewCell.swift */,
				4CEAA90D1B3343F700774FE8 /* GridViewController.swift */,
				4CF5FEEE1B58212700F8517D /* GridViewModel.swift */,
				4CAAF0741B827EAD00AE47C3 /* PullView.swift */,
			);
			path = "Grid View";
			sourceTree = "<group>";
		};
		4C641B8D1C3DB2BE004B15D7 /* Settings */ = {
			isa = PBXGroup;
			children = (
				4CB674B41BA1EBC7001F401A /* SettingsViewController.swift */,
				4C989BE01BA780BB00D4C13F /* SettingsViewModel.swift */,
			);
			path = Settings;
			sourceTree = "<group>";
		};
		4C641B8E1C3DB2D6004B15D7 /* Date Picker */ = {
			isa = PBXGroup;
			children = (
				4CF5747F1C06749B00D12ADB /* DatePickerRowView.swift */,
				4CE8BD961C03BBE500207BE1 /* DatePickerViewController.swift */,
			);
			path = "Date Picker";
			sourceTree = "<group>";
		};
		4C641B8F1C3DB2F8004B15D7 /* Photos View */ = {
			isa = PBXGroup;
			children = (
				4C6299AC1B4CB0AD00B8795E /* PhotosViewController.swift */,
				4C3334521B65712D00D907C8 /* PhotosViewModel.swift */,
				4C3334541B659DAA00D907C8 /* ZoomingPhotoView.swift */,
				4C69E6391DCA73F1004D6F5C /* MediaView.swift */,
				4CA4ECCD1DCCE3AA00A6B664 /* VideoView.swift */,
				4C758BBA1DD685E700AE9D9F /* PlayerController.swift */,
				4C748EB01DE09D94005F44DD /* ScrubberView.swift */,
				4C7C12DE1E4F376A0061C9E5 /* PhotoViewModel.swift */,
			);
			path = "Photos View";
			sourceTree = "<group>";
		};
		4C641B901C3DB30C004B15D7 /* Transitions */ = {
			isa = PBXGroup;
			children = (
				4C00A4F41C1B7ED30078A43F /* PhotosViewDismissTransition.swift */,
				4C921FD11C1A038800F0411D /* PhotosViewPresentTransition.swift */,
			);
			path = Transitions;
			sourceTree = "<group>";
		};
		4C8594D41BB33E9C005CCFAC /* Frameworks */ = {
			isa = PBXGroup;
			children = (
				4CE6FB301EAFF85000CC5D01 /* ReactiveCocoa.framework.dSYM */,
				4CE6FB311EAFF85000CC5D01 /* ReactiveSwift.framework.dSYM */,
				4CE6FB321EAFF85000CC5D01 /* Result.framework.dSYM */,
				4CE6FB331EAFF85000CC5D01 /* SwiftyStoreKit.framework.dSYM */,
				4C8594D21BB33E2F005CCFAC /* DACircularProgress.framework.dSYM */,
				4C8594D01BB33E27005CCFAC /* Cartography.framework.dSYM */,
				4CE6FB261EAFF6DF00CC5D01 /* SwiftyStoreKit.framework */,
				4C3EA9D41E1F058D000D78EA /* ReactiveCocoa.framework */,
				4C3EA9D51E1F058D000D78EA /* ReactiveSwift.framework */,
				4C3EA9D61E1F058D000D78EA /* Result.framework */,
				4C09B82D1C53F65700C7D40F /* Crashlytics.framework */,
				4C09B82E1C53F65700C7D40F /* Fabric.framework */,
				4CBA89681BBC9BF300913336 /* Security.framework */,
				4C8594C91BB33D02005CCFAC /* DACircularProgress.framework */,
				4C8594C51BB33CF5005CCFAC /* Cartography.framework */,
				4C211F491C3DB8270082F4DF /* NotificationCenter.framework */,
			);
			name = Frameworks;
			sourceTree = "<group>";
		};
		4CEAA8DF1B3340C600774FE8 = {
			isa = PBXGroup;
			children = (
				4C8594D41BB33E9C005CCFAC /* Frameworks */,
				4CEAA8EA1B3340C600774FE8 /* Memories */,
				4CF4104C1C4BB099002FD49A /* PHAssetHelper */,
				4C211F4B1C3DB8270082F4DF /* Photo Widget */,
				4CEAA8E91B3340C600774FE8 /* Products */,
			);
			sourceTree = "<group>";
		};
		4CEAA8E91B3340C600774FE8 /* Products */ = {
			isa = PBXGroup;
			children = (
				4CEAA8E81B3340C600774FE8 /* Memories.app */,
				4C211F481C3DB8270082F4DF /* Photo Widget.appex */,
				4CF4104B1C4BB098002FD49A /* PHAssetHelper.framework */,
			);
			name = Products;
			sourceTree = "<group>";
		};
		4CEAA8EA1B3340C600774FE8 /* Memories */ = {
			isa = PBXGroup;
			children = (
				4C0890161E674227005D39E3 /* Keychain */,
				4C641B8E1C3DB2D6004B15D7 /* Date Picker */,
				4C641B8C1C3DB2A5004B15D7 /* Grid View */,
				4C641B8B1C3DB274004B15D7 /* Managers */,
				4C641B8F1C3DB2F8004B15D7 /* Photos View */,
				4C641B8D1C3DB2BE004B15D7 /* Settings */,
				4CEAA8EB1B3340C600774FE8 /* Supporting Files */,
				4C641B901C3DB30C004B15D7 /* Transitions */,
				4C641B8A1C3DB240004B15D7 /* Utilities */,
				4CEAA8ED1B3340C600774FE8 /* AppDelegate.swift */,
				4CEAA8F41B3340C600774FE8 /* Images.xcassets */,
				4CEAA8F11B3340C600774FE8 /* Main.storyboard */,
			);
			path = Memories;
			sourceTree = "<group>";
		};
		4CEAA8EB1B3340C600774FE8 /* Supporting Files */ = {
			isa = PBXGroup;
			children = (
				4C6FF0461CED11E9001994DC /* Memories.entitlements */,
				4CEAA8EC1B3340C600774FE8 /* Info.plist */,
				4C91432B1BA958CC001B30A9 /* notification.mp3 */,
			);
			path = "Supporting Files";
			sourceTree = "<group>";
		};
		4CF4104C1C4BB099002FD49A /* PHAssetHelper */ = {
			isa = PBXGroup;
			children = (
				4CF4104F1C4BB099002FD49A /* Info.plist */,
				4CF4104D1C4BB099002FD49A /* PHAssetHelper.h */,
				4CF410581C4BB112002FD49A /* PHAssetHelper.swift */,
			);
			path = PHAssetHelper;
			sourceTree = "<group>";
		};
/* End PBXGroup section */

/* Begin PBXHeadersBuildPhase section */
		4CF410481C4BB098002FD49A /* Headers */ = {
			isa = PBXHeadersBuildPhase;
			buildActionMask = 2147483647;
			files = (
				4CF4104E1C4BB099002FD49A /* PHAssetHelper.h in Headers */,
			);
			runOnlyForDeploymentPostprocessing = 0;
		};
/* End PBXHeadersBuildPhase section */

/* Begin PBXNativeTarget section */
		4C211F471C3DB8270082F4DF /* Photo Widget */ = {
			isa = PBXNativeTarget;
			buildConfigurationList = 4C211F571C3DB8270082F4DF /* Build configuration list for PBXNativeTarget "Photo Widget" */;
			buildPhases = (
				4C211F441C3DB8270082F4DF /* Sources */,
				4C211F451C3DB8270082F4DF /* Frameworks */,
				4C211F461C3DB8270082F4DF /* Resources */,
			);
			buildRules = (
			);
			dependencies = (
			);
			name = "Photo Widget";
			productName = "Photo Widget";
			productReference = 4C211F481C3DB8270082F4DF /* Photo Widget.appex */;
			productType = "com.apple.product-type.app-extension";
		};
		4CEAA8E71B3340C600774FE8 /* Memories */ = {
			isa = PBXNativeTarget;
			buildConfigurationList = 4CEAA9071B3340C600774FE8 /* Build configuration list for PBXNativeTarget "Memories" */;
			buildPhases = (
				4CEAA8E41B3340C600774FE8 /* Sources */,
				4CEAA8E51B3340C600774FE8 /* Frameworks */,
				4CEAA8E61B3340C600774FE8 /* Resources */,
				4C8594CE1BB33D7F005CCFAC /* ShellScript */,
				4C8594CF1BB33E01005CCFAC /* CopyFiles */,
				4C09B8321C53F75600C7D40F /* ShellScript */,
				4C211F581C3DB8270082F4DF /* Embed App Extensions */,
				4CF410571C4BB099002FD49A /* Embed Frameworks */,
			);
			buildRules = (
			);
			dependencies = (
				4C211F531C3DB8270082F4DF /* PBXTargetDependency */,
				4CF410511C4BB099002FD49A /* PBXTargetDependency */,
			);
			name = Memories;
			productName = Memories;
			productReference = 4CEAA8E81B3340C600774FE8 /* Memories.app */;
			productType = "com.apple.product-type.application";
		};
		4CF4104A1C4BB098002FD49A /* PHAssetHelper */ = {
			isa = PBXNativeTarget;
			buildConfigurationList = 4CF410561C4BB099002FD49A /* Build configuration list for PBXNativeTarget "PHAssetHelper" */;
			buildPhases = (
				4CF410461C4BB098002FD49A /* Sources */,
				4CF410471C4BB098002FD49A /* Frameworks */,
				4CF410481C4BB098002FD49A /* Headers */,
				4CF410491C4BB098002FD49A /* Resources */,
			);
			buildRules = (
			);
			dependencies = (
			);
			name = PHAssetHelper;
			productName = PHAssetHelper;
			productReference = 4CF4104B1C4BB098002FD49A /* PHAssetHelper.framework */;
			productType = "com.apple.product-type.framework";
		};
/* End PBXNativeTarget section */

/* Begin PBXProject section */
		4CEAA8E01B3340C600774FE8 /* Project object */ = {
			isa = PBXProject;
			attributes = {
				LastSwiftUpdateCheck = 0730;
				LastUpgradeCheck = 1000;
				ORGANIZATIONNAME = "Michael Brown";
				TargetAttributes = {
					4C211F471C3DB8270082F4DF = {
						CreatedOnToolsVersion = 7.2;
						DevelopmentTeam = 4KZP2U7889;
						LastSwiftMigration = 1000;
						ProvisioningStyle = Manual;
						SystemCapabilities = {
							com.apple.ApplicationGroups.iOS = {
								enabled = 1;
							};
						};
					};
					4CEAA8E71B3340C600774FE8 = {
						CreatedOnToolsVersion = 6.3.2;
						DevelopmentTeam = 4KZP2U7889;
						LastSwiftMigration = 1000;
						ProvisioningStyle = Manual;
						SystemCapabilities = {
							com.apple.ApplicationGroups.iOS = {
								enabled = 1;
							};
							com.apple.InAppPurchase = {
								enabled = 1;
							};
						};
					};
					4CF4104A1C4BB098002FD49A = {
						CreatedOnToolsVersion = 7.3;
						DevelopmentTeam = 4KZP2U7889;
						LastSwiftMigration = 1000;
						ProvisioningStyle = Manual;
					};
				};
			};
			buildConfigurationList = 4CEAA8E31B3340C600774FE8 /* Build configuration list for PBXProject "Memories" */;
			compatibilityVersion = "Xcode 3.2";
			developmentRegion = English;
			hasScannedForEncodings = 0;
			knownRegions = (
				en,
				Base,
			);
			mainGroup = 4CEAA8DF1B3340C600774FE8;
			productRefGroup = 4CEAA8E91B3340C600774FE8 /* Products */;
			projectDirPath = "";
			projectRoot = "";
			targets = (
				4CEAA8E71B3340C600774FE8 /* Memories */,
				4C211F471C3DB8270082F4DF /* Photo Widget */,
				4CF4104A1C4BB098002FD49A /* PHAssetHelper */,
			);
		};
/* End PBXProject section */

/* Begin PBXResourcesBuildPhase section */
		4C211F461C3DB8270082F4DF /* Resources */ = {
			isa = PBXResourcesBuildPhase;
			buildActionMask = 2147483647;
			files = (
				4C211F501C3DB8270082F4DF /* MainInterface.storyboard in Resources */,
				4C315DF31C4A8326008003E1 /* Images.xcassets in Resources */,
			);
			runOnlyForDeploymentPostprocessing = 0;
		};
		4CEAA8E61B3340C600774FE8 /* Resources */ = {
			isa = PBXResourcesBuildPhase;
			buildActionMask = 2147483647;
			files = (
				4C315DF41C4A8337008003E1 /* Images.xcassets in Resources */,
				4CEAA8F31B3340C600774FE8 /* Main.storyboard in Resources */,
				4C91432C1BA958CC001B30A9 /* notification.mp3 in Resources */,
			);
			runOnlyForDeploymentPostprocessing = 0;
		};
		4CF410491C4BB098002FD49A /* Resources */ = {
			isa = PBXResourcesBuildPhase;
			buildActionMask = 2147483647;
			files = (
			);
			runOnlyForDeploymentPostprocessing = 0;
		};
/* End PBXResourcesBuildPhase section */

/* Begin PBXShellScriptBuildPhase section */
		4C09B8321C53F75600C7D40F /* ShellScript */ = {
			isa = PBXShellScriptBuildPhase;
			buildActionMask = 2147483647;
			files = (
			);
			inputPaths = (
			);
			outputPaths = (
			);
			runOnlyForDeploymentPostprocessing = 0;
			shellPath = /bin/sh;
			shellScript = "./configure-fabric.sh";
		};
		4C8594CE1BB33D7F005CCFAC /* ShellScript */ = {
			isa = PBXShellScriptBuildPhase;
			buildActionMask = 2147483647;
			files = (
			);
			inputPaths = (
				"$(SRCROOT)/Carthage/Build/iOS/Cartography.framework",
				"$(SRCROOT)/Carthage/Build/iOS/DACircularProgress.framework",
				"$(SRCROOT)/Carthage/Build/iOS/SwiftyStoreKit.framework",
				"$(SRCROOT)/Carthage/Build/iOS/ReactiveCocoa.framework",
				"$(SRCROOT)/Carthage/Build/iOS/ReactiveSwift.framework",
				"$(SRCROOT)/Carthage/Build/iOS/Result.framework",
			);
			outputPaths = (
			);
			runOnlyForDeploymentPostprocessing = 0;
			shellPath = /bin/sh;
			shellScript = "/usr/local/bin/carthage copy-frameworks";
		};
/* End PBXShellScriptBuildPhase section */

/* Begin PBXSourcesBuildPhase section */
		4C211F441C3DB8270082F4DF /* Sources */ = {
			isa = PBXSourcesBuildPhase;
			buildActionMask = 2147483647;
			files = (
				4C315DF21C4A617C008003E1 /* TodayViewModel.swift in Sources */,
				4CF4105D1C4BC044002FD49A /* Date.swift in Sources */,
				4C211F4D1C3DB8270082F4DF /* TodayViewController.swift in Sources */,
			);
			runOnlyForDeploymentPostprocessing = 0;
		};
		4CEAA8E41B3340C600774FE8 /* Sources */ = {
			isa = PBXSourcesBuildPhase;
			buildActionMask = 2147483647;
			files = (
				4C0890181E6742B3005D39E3 /* KeychainConstants.swift in Sources */,
				4C748EB11DE09D94005F44DD /* ScrubberView.swift in Sources */,
				4C921FD21C1A038800F0411D /* PhotosViewPresentTransition.swift in Sources */,
				4CFD0DE71E68676500C12C87 /* PhotoLibraryObserver.swift in Sources */,
				4C65B5B01E36137900DF2465 /* IndexSet.swift in Sources */,
				4CEAA8EE1B3340C600774FE8 /* AppDelegate.swift in Sources */,
				4C08901A1E674618005D39E3 /* Keychain.swift in Sources */,
				4C3334551B659DAA00D907C8 /* ZoomingPhotoView.swift in Sources */,
				4C5B90281B5D9C590014A87C /* GridHeaderView.swift in Sources */,
				4C758BB91DD67E7B00AE9D9F /* UIButton.swift in Sources */,
				4CD790181DD60DE000EEE452 /* With.swift in Sources */,
				4C3334531B65712D00D907C8 /* PhotosViewModel.swift in Sources */,
				4C758BB71DD67A0400AE9D9F /* CALayer.swift in Sources */,
				4CABEE221CAAF08500A9F23A /* UITraitEnvironment.swift in Sources */,
				4C2DFCAA1B9E21BC00AD6E16 /* NotificationManager.swift in Sources */,
				4C3747A71D46BFCA0070734D /* StatusBarViewController.swift in Sources */,
				4CF5FEEF1B58212700F8517D /* GridViewModel.swift in Sources */,
				4CF574801C06749B00D12ADB /* DatePickerRowView.swift in Sources */,
				4C0410E61BC8787200BBB76C /* UIDevice.swift in Sources */,
				4C758BB51DD676FC00AE9D9F /* UIBezierPath.swift in Sources */,
				4CAAF0751B827EAD00AE47C3 /* PullView.swift in Sources */,
				4CEAA9101B33462600774FE8 /* GridViewCell.swift in Sources */,
				4CBA89671BBC926100913336 /* UpgradeManager.swift in Sources */,
				4C69E63A1DCA73F1004D6F5C /* MediaView.swift in Sources */,
				4CA5E1831DEA42950019CA26 /* DateComponentsFormatter.swift in Sources */,
				4CF4105C1C4BB732002FD49A /* Date.swift in Sources */,
				4C58C31A1E731D2800D8FA14 /* PhotoLibraryAuthorization.swift in Sources */,
				4C7C12DF1E4F376A0061C9E5 /* PhotoViewModel.swift in Sources */,
				4C758BB31DD6712D00AE9D9F /* CAShapeLayer.swift in Sources */,
				4CEAA90E1B3343F700774FE8 /* GridViewController.swift in Sources */,
				4C00A4F51C1B7ED30078A43F /* PhotosViewDismissTransition.swift in Sources */,
				4CE8BD971C03BBE500207BE1 /* DatePickerViewController.swift in Sources */,
				4C6F48EF1B69850F00CF7E67 /* DismissSegue.swift in Sources */,
				4CA4ECCE1DCCE3AA00A6B664 /* VideoView.swift in Sources */,
				4C6299AD1B4CB0AD00B8795E /* PhotosViewController.swift in Sources */,
				4CB674B51BA1EBC7001F401A /* SettingsViewController.swift in Sources */,
				4C758BBB1DD685E700AE9D9F /* PlayerController.swift in Sources */,
				4C989BE11BA780BB00D4C13F /* SettingsViewModel.swift in Sources */,
				3ED7E11E8CD7F319DA8E2BEF /* StoreKitPersistence.swift in Sources */,
			);
			runOnlyForDeploymentPostprocessing = 0;
		};
		4CF410461C4BB098002FD49A /* Sources */ = {
			isa = PBXSourcesBuildPhase;
			buildActionMask = 2147483647;
			files = (
				4CF410591C4BB112002FD49A /* PHAssetHelper.swift in Sources */,
				4CF4105E1C4BC045002FD49A /* Date.swift in Sources */,
			);
			runOnlyForDeploymentPostprocessing = 0;
		};
/* End PBXSourcesBuildPhase section */

/* Begin PBXTargetDependency section */
		4C211F531C3DB8270082F4DF /* PBXTargetDependency */ = {
			isa = PBXTargetDependency;
			target = 4C211F471C3DB8270082F4DF /* Photo Widget */;
			targetProxy = 4C211F521C3DB8270082F4DF /* PBXContainerItemProxy */;
		};
		4CF410511C4BB099002FD49A /* PBXTargetDependency */ = {
			isa = PBXTargetDependency;
			target = 4CF4104A1C4BB098002FD49A /* PHAssetHelper */;
			targetProxy = 4CF410501C4BB099002FD49A /* PBXContainerItemProxy */;
		};
/* End PBXTargetDependency section */

/* Begin PBXVariantGroup section */
		4C211F4E1C3DB8270082F4DF /* MainInterface.storyboard */ = {
			isa = PBXVariantGroup;
			children = (
				4C211F4F1C3DB8270082F4DF /* Base */,
			);
			name = MainInterface.storyboard;
			path = .;
			sourceTree = "<group>";
		};
		4CEAA8F11B3340C600774FE8 /* Main.storyboard */ = {
			isa = PBXVariantGroup;
			children = (
				4CEAA8F21B3340C600774FE8 /* Base */,
			);
			name = Main.storyboard;
			path = .;
			sourceTree = "<group>";
		};
/* End PBXVariantGroup section */

/* Begin XCBuildConfiguration section */
		4C211F551C3DB8270082F4DF /* Debug */ = {
			isa = XCBuildConfiguration;
			buildSettings = {
				CODE_SIGN_ENTITLEMENTS = "Photo Widget/Photo Widget.entitlements";
				CODE_SIGN_IDENTITY = "";
				"CODE_SIGN_IDENTITY[sdk=iphoneos*]" = "iPhone Developer";
				DEBUG_INFORMATION_FORMAT = dwarf;
				DEVELOPMENT_TEAM = 4KZP2U7889;
				FRAMEWORK_SEARCH_PATHS = (
					"$(inherited)",
					"$(PROJECT_DIR)/Carthage/Build/iOS",
				);
				HEADERMAP_USES_VFS = YES;
				INFOPLIST_FILE = "Photo Widget/Info.plist";
				IPHONEOS_DEPLOYMENT_TARGET = 11.0;
				LD_RUNPATH_SEARCH_PATHS = "$(inherited) @executable_path/Frameworks @executable_path/../../Frameworks";
				PRODUCT_BUNDLE_IDENTIFIER = "com.luacheia.memories.Photo-Widget";
				PRODUCT_NAME = "$(TARGET_NAME)";
				PROVISIONING_PROFILE = "76ced91b-bb55-4d76-a61a-8b27bb46edbb";
				PROVISIONING_PROFILE_SPECIFIER = "Memories Widget Development";
				SKIP_INSTALL = YES;
				SWIFT_VERSION = 4.2;
			};
			name = Debug;
		};
		4C211F561C3DB8270082F4DF /* Release */ = {
			isa = XCBuildConfiguration;
			buildSettings = {
				CODE_SIGN_ENTITLEMENTS = "Photo Widget/Photo Widget.entitlements";
				CODE_SIGN_IDENTITY = "";
				"CODE_SIGN_IDENTITY[sdk=iphoneos*]" = "iPhone Distribution";
				DEVELOPMENT_TEAM = 4KZP2U7889;
				FRAMEWORK_SEARCH_PATHS = (
					"$(inherited)",
					"$(PROJECT_DIR)/Carthage/Build/iOS",
				);
				HEADERMAP_USES_VFS = YES;
				INFOPLIST_FILE = "Photo Widget/Info.plist";
				IPHONEOS_DEPLOYMENT_TARGET = 11.0;
				LD_RUNPATH_SEARCH_PATHS = "$(inherited) @executable_path/Frameworks @executable_path/../../Frameworks";
				PRODUCT_BUNDLE_IDENTIFIER = "com.luacheia.memories.Photo-Widget";
				PRODUCT_NAME = "$(TARGET_NAME)";
				PROVISIONING_PROFILE = "3b8f33f6-0d9a-4d37-9c76-6a9bc519c9dc";
				PROVISIONING_PROFILE_SPECIFIER = "Memories Widget Distribution";
				SKIP_INSTALL = YES;
				SWIFT_OPTIMIZATION_LEVEL = "-Owholemodule";
				SWIFT_VERSION = 4.2;
			};
			name = Release;
		};
		4CEAA9051B3340C600774FE8 /* Debug */ = {
			isa = XCBuildConfiguration;
			buildSettings = {
				ALWAYS_SEARCH_USER_PATHS = NO;
				CLANG_CXX_LANGUAGE_STANDARD = "gnu++0x";
				CLANG_CXX_LIBRARY = "libc++";
				CLANG_ENABLE_MODULES = YES;
				CLANG_ENABLE_OBJC_ARC = YES;
				CLANG_WARN_BLOCK_CAPTURE_AUTORELEASING = YES;
				CLANG_WARN_BOOL_CONVERSION = YES;
				CLANG_WARN_COMMA = YES;
				CLANG_WARN_CONSTANT_CONVERSION = YES;
				CLANG_WARN_DEPRECATED_OBJC_IMPLEMENTATIONS = YES;
				CLANG_WARN_DIRECT_OBJC_ISA_USAGE = YES_ERROR;
				CLANG_WARN_EMPTY_BODY = YES;
				CLANG_WARN_ENUM_CONVERSION = YES;
				CLANG_WARN_INFINITE_RECURSION = YES;
				CLANG_WARN_INT_CONVERSION = YES;
				CLANG_WARN_NON_LITERAL_NULL_CONVERSION = YES;
				CLANG_WARN_OBJC_IMPLICIT_RETAIN_SELF = YES;
				CLANG_WARN_OBJC_LITERAL_CONVERSION = YES;
				CLANG_WARN_OBJC_ROOT_CLASS = YES_ERROR;
				CLANG_WARN_RANGE_LOOP_ANALYSIS = YES;
				CLANG_WARN_STRICT_PROTOTYPES = YES;
				CLANG_WARN_SUSPICIOUS_MOVE = YES;
				CLANG_WARN_UNREACHABLE_CODE = YES;
				CLANG_WARN__DUPLICATE_METHOD_MATCH = YES;
				"CODE_SIGN_IDENTITY[sdk=iphoneos*]" = "iPhone Developer";
				COPY_PHASE_STRIP = NO;
				DEBUG_INFORMATION_FORMAT = "dwarf-with-dsym";
				ENABLE_STRICT_OBJC_MSGSEND = YES;
				ENABLE_TESTABILITY = YES;
				GCC_C_LANGUAGE_STANDARD = gnu99;
				GCC_DYNAMIC_NO_PIC = NO;
				GCC_NO_COMMON_BLOCKS = YES;
				GCC_OPTIMIZATION_LEVEL = 0;
				GCC_PREPROCESSOR_DEFINITIONS = (
					"DEBUG=1",
					"$(inherited)",
				);
				GCC_SYMBOLS_PRIVATE_EXTERN = NO;
				GCC_WARN_64_TO_32_BIT_CONVERSION = YES;
				GCC_WARN_ABOUT_RETURN_TYPE = YES_ERROR;
				GCC_WARN_UNDECLARED_SELECTOR = YES;
				GCC_WARN_UNINITIALIZED_AUTOS = YES_AGGRESSIVE;
				GCC_WARN_UNUSED_FUNCTION = YES;
				GCC_WARN_UNUSED_VARIABLE = YES;
				IPHONEOS_DEPLOYMENT_TARGET = 11.0;
				MTL_ENABLE_DEBUG_INFO = YES;
				ONLY_ACTIVE_ARCH = YES;
				PROVISIONING_PROFILE = "";
				SDKROOT = iphoneos;
				SWIFT_OPTIMIZATION_LEVEL = "-Onone";
				TARGETED_DEVICE_FAMILY = "1,2";
			};
			name = Debug;
		};
		4CEAA9061B3340C600774FE8 /* Release */ = {
			isa = XCBuildConfiguration;
			buildSettings = {
				ALWAYS_SEARCH_USER_PATHS = NO;
				CLANG_CXX_LANGUAGE_STANDARD = "gnu++0x";
				CLANG_CXX_LIBRARY = "libc++";
				CLANG_ENABLE_MODULES = YES;
				CLANG_ENABLE_OBJC_ARC = YES;
				CLANG_WARN_BLOCK_CAPTURE_AUTORELEASING = YES;
				CLANG_WARN_BOOL_CONVERSION = YES;
				CLANG_WARN_COMMA = YES;
				CLANG_WARN_CONSTANT_CONVERSION = YES;
				CLANG_WARN_DEPRECATED_OBJC_IMPLEMENTATIONS = YES;
				CLANG_WARN_DIRECT_OBJC_ISA_USAGE = YES_ERROR;
				CLANG_WARN_EMPTY_BODY = YES;
				CLANG_WARN_ENUM_CONVERSION = YES;
				CLANG_WARN_INFINITE_RECURSION = YES;
				CLANG_WARN_INT_CONVERSION = YES;
				CLANG_WARN_NON_LITERAL_NULL_CONVERSION = YES;
				CLANG_WARN_OBJC_IMPLICIT_RETAIN_SELF = YES;
				CLANG_WARN_OBJC_LITERAL_CONVERSION = YES;
				CLANG_WARN_OBJC_ROOT_CLASS = YES_ERROR;
				CLANG_WARN_RANGE_LOOP_ANALYSIS = YES;
				CLANG_WARN_STRICT_PROTOTYPES = YES;
				CLANG_WARN_SUSPICIOUS_MOVE = YES;
				CLANG_WARN_UNREACHABLE_CODE = YES;
				CLANG_WARN__DUPLICATE_METHOD_MATCH = YES;
				"CODE_SIGN_IDENTITY[sdk=iphoneos*]" = "iPhone Distribution";
				COPY_PHASE_STRIP = NO;
				DEBUG_INFORMATION_FORMAT = "dwarf-with-dsym";
				ENABLE_NS_ASSERTIONS = NO;
				ENABLE_STRICT_OBJC_MSGSEND = YES;
				GCC_C_LANGUAGE_STANDARD = gnu99;
				GCC_NO_COMMON_BLOCKS = YES;
				GCC_WARN_64_TO_32_BIT_CONVERSION = YES;
				GCC_WARN_ABOUT_RETURN_TYPE = YES_ERROR;
				GCC_WARN_UNDECLARED_SELECTOR = YES;
				GCC_WARN_UNINITIALIZED_AUTOS = YES_AGGRESSIVE;
				GCC_WARN_UNUSED_FUNCTION = YES;
				GCC_WARN_UNUSED_VARIABLE = YES;
				IPHONEOS_DEPLOYMENT_TARGET = 11.0;
				MTL_ENABLE_DEBUG_INFO = NO;
				PROVISIONING_PROFILE = "";
				SDKROOT = iphoneos;
				TARGETED_DEVICE_FAMILY = "1,2";
				VALIDATE_PRODUCT = YES;
			};
			name = Release;
		};
		4CEAA9081B3340C600774FE8 /* Debug */ = {
			isa = XCBuildConfiguration;
			buildSettings = {
				ALWAYS_EMBED_SWIFT_STANDARD_LIBRARIES = YES;
				ASSETCATALOG_COMPILER_APPICON_NAME = AppIcon;
				CODE_SIGN_ENTITLEMENTS = Memories/Memories.entitlements;
				CODE_SIGN_IDENTITY = "";
				"CODE_SIGN_IDENTITY[sdk=iphoneos*]" = "iPhone Developer";
				DEVELOPMENT_TEAM = 4KZP2U7889;
				ENABLE_BITCODE = NO;
				FRAMEWORK_SEARCH_PATHS = (
					"$(inherited)",
					"$(PROJECT_DIR)/Carthage/Build/iOS",
					"$(PROJECT_DIR)",
				);
				HEADERMAP_USES_VFS = YES;
				INFOPLIST_FILE = "Memories/Supporting Files/Info.plist";
				LD_RUNPATH_SEARCH_PATHS = "$(inherited) @executable_path/Frameworks";
				"OTHER_SWIFT_FLAGS[arch=*]" = "-DDEBUG";
				PRODUCT_BUNDLE_IDENTIFIER = com.luacheia.memories;
				PRODUCT_NAME = "$(TARGET_NAME)";
				PROVISIONING_PROFILE = "e694bb6c-1360-4e14-8955-f2ae7e95aa3f";
				PROVISIONING_PROFILE_SPECIFIER = "Memories Development";
				SWIFT_OBJC_BRIDGING_HEADER = "";
				SWIFT_VERSION = 4.2;
			};
			name = Debug;
		};
		4CEAA9091B3340C600774FE8 /* Release */ = {
			isa = XCBuildConfiguration;
			buildSettings = {
				ALWAYS_EMBED_SWIFT_STANDARD_LIBRARIES = YES;
				ASSETCATALOG_COMPILER_APPICON_NAME = AppIcon;
				CODE_SIGN_ENTITLEMENTS = Memories/Memories.entitlements;
				CODE_SIGN_IDENTITY = "";
				"CODE_SIGN_IDENTITY[sdk=iphoneos*]" = "iPhone Distribution";
				DEVELOPMENT_TEAM = 4KZP2U7889;
				ENABLE_BITCODE = YES;
				FRAMEWORK_SEARCH_PATHS = (
					"$(inherited)",
					"$(PROJECT_DIR)/Carthage/Build/iOS",
					"$(PROJECT_DIR)",
				);
				HEADERMAP_USES_VFS = YES;
				INFOPLIST_FILE = "Memories/Supporting Files/Info.plist";
				LD_RUNPATH_SEARCH_PATHS = "$(inherited) @executable_path/Frameworks";
				PRODUCT_BUNDLE_IDENTIFIER = com.luacheia.memories;
				PRODUCT_NAME = "$(TARGET_NAME)";
				PROVISIONING_PROFILE = "71f761bf-0992-4233-9ff1-90317c073a8b";
				PROVISIONING_PROFILE_SPECIFIER = "Memories Distribution";
				SWIFT_OBJC_BRIDGING_HEADER = "";
				SWIFT_OPTIMIZATION_LEVEL = "-Owholemodule";
				SWIFT_VERSION = 4.2;
			};
			name = Release;
		};
		4CF410541C4BB099002FD49A /* Debug */ = {
			isa = XCBuildConfiguration;
			buildSettings = {
				APPLICATION_EXTENSION_API_ONLY = YES;
				CLANG_ENABLE_MODULES = YES;
				"CODE_SIGN_IDENTITY[sdk=iphoneos*]" = "";
				CURRENT_PROJECT_VERSION = 1;
				DEBUG_INFORMATION_FORMAT = dwarf;
				DEFINES_MODULE = YES;
				DEVELOPMENT_TEAM = 4KZP2U7889;
				DYLIB_COMPATIBILITY_VERSION = 1;
				DYLIB_CURRENT_VERSION = 1;
				DYLIB_INSTALL_NAME_BASE = "@rpath";
				HEADERMAP_USES_VFS = YES;
				INFOPLIST_FILE = PHAssetHelper/Info.plist;
				INSTALL_PATH = "$(LOCAL_LIBRARY_DIR)/Frameworks";
				IPHONEOS_DEPLOYMENT_TARGET = 11.0;
				LD_RUNPATH_SEARCH_PATHS = "$(inherited) @executable_path/Frameworks @loader_path/Frameworks";
				PRODUCT_BUNDLE_IDENTIFIER = com.luacheia.PHAssetHelper;
				PRODUCT_NAME = "$(TARGET_NAME)";
				SKIP_INSTALL = YES;
				SWIFT_OPTIMIZATION_LEVEL = "-Onone";
				SWIFT_VERSION = 4.2;
				VERSIONING_SYSTEM = "apple-generic";
				VERSION_INFO_PREFIX = "";
			};
			name = Debug;
		};
		4CF410551C4BB099002FD49A /* Release */ = {
			isa = XCBuildConfiguration;
			buildSettings = {
				APPLICATION_EXTENSION_API_ONLY = YES;
				CLANG_ENABLE_MODULES = YES;
				"CODE_SIGN_IDENTITY[sdk=iphoneos*]" = "";
				CURRENT_PROJECT_VERSION = 1;
				DEFINES_MODULE = YES;
				DEVELOPMENT_TEAM = 4KZP2U7889;
				DYLIB_COMPATIBILITY_VERSION = 1;
				DYLIB_CURRENT_VERSION = 1;
				DYLIB_INSTALL_NAME_BASE = "@rpath";
				HEADERMAP_USES_VFS = YES;
				INFOPLIST_FILE = PHAssetHelper/Info.plist;
				INSTALL_PATH = "$(LOCAL_LIBRARY_DIR)/Frameworks";
				IPHONEOS_DEPLOYMENT_TARGET = 11.0;
				LD_RUNPATH_SEARCH_PATHS = "$(inherited) @executable_path/Frameworks @loader_path/Frameworks";
				PRODUCT_BUNDLE_IDENTIFIER = com.luacheia.PHAssetHelper;
				PRODUCT_NAME = "$(TARGET_NAME)";
				SKIP_INSTALL = YES;
				SWIFT_OPTIMIZATION_LEVEL = "-Owholemodule";
				SWIFT_VERSION = 4.2;
				VERSIONING_SYSTEM = "apple-generic";
				VERSION_INFO_PREFIX = "";
			};
			name = Release;
		};
/* End XCBuildConfiguration section */

/* Begin XCConfigurationList section */
		4C211F571C3DB8270082F4DF /* Build configuration list for PBXNativeTarget "Photo Widget" */ = {
			isa = XCConfigurationList;
			buildConfigurations = (
				4C211F551C3DB8270082F4DF /* Debug */,
				4C211F561C3DB8270082F4DF /* Release */,
			);
			defaultConfigurationIsVisible = 0;
			defaultConfigurationName = Release;
		};
		4CEAA8E31B3340C600774FE8 /* Build configuration list for PBXProject "Memories" */ = {
			isa = XCConfigurationList;
			buildConfigurations = (
				4CEAA9051B3340C600774FE8 /* Debug */,
				4CEAA9061B3340C600774FE8 /* Release */,
			);
			defaultConfigurationIsVisible = 0;
			defaultConfigurationName = Release;
		};
		4CEAA9071B3340C600774FE8 /* Build configuration list for PBXNativeTarget "Memories" */ = {
			isa = XCConfigurationList;
			buildConfigurations = (
				4CEAA9081B3340C600774FE8 /* Debug */,
				4CEAA9091B3340C600774FE8 /* Release */,
			);
			defaultConfigurationIsVisible = 0;
			defaultConfigurationName = Release;
		};
		4CF410561C4BB099002FD49A /* Build configuration list for PBXNativeTarget "PHAssetHelper" */ = {
			isa = XCConfigurationList;
			buildConfigurations = (
				4CF410541C4BB099002FD49A /* Debug */,
				4CF410551C4BB099002FD49A /* Release */,
			);
			defaultConfigurationIsVisible = 0;
			defaultConfigurationName = Release;
		};
/* End XCConfigurationList section */
	};
	rootObject = 4CEAA8E01B3340C600774FE8 /* Project object */;
}
