<?xml version="1.0" encoding="UTF-8"?>
<!DOCTYPE plist PUBLIC "-//Apple//DTD PLIST 1.0//EN" "http://www.apple.com/DTDs/PropertyList-1.0.dtd">
<plist version="1.0">
<dict>
	<key>archiveVersion</key>
	<string>1</string>
	<key>classes</key>
	<dict/>
	<key>objectVersion</key>
	<string>46</string>
	<key>objects</key>
	<dict>
		<key>4C00A4F41C1B7ED30078A43F</key>
		<dict>
			<key>fileEncoding</key>
			<string>4</string>
			<key>isa</key>
			<string>PBXFileReference</string>
			<key>lastKnownFileType</key>
			<string>sourcecode.swift</string>
			<key>path</key>
			<string>PhotoViewDismissTransition.swift</string>
			<key>sourceTree</key>
			<string>&lt;group&gt;</string>
		</dict>
		<key>4C00A4F51C1B7ED30078A43F</key>
		<dict>
			<key>fileRef</key>
			<string>4C00A4F41C1B7ED30078A43F</string>
			<key>isa</key>
			<string>PBXBuildFile</string>
		</dict>
		<key>4C0410E51BC8787200BBB76C</key>
		<dict>
			<key>fileEncoding</key>
			<string>4</string>
			<key>isa</key>
			<string>PBXFileReference</string>
			<key>lastKnownFileType</key>
			<string>sourcecode.swift</string>
			<key>path</key>
			<string>UIDevice.swift</string>
			<key>sourceTree</key>
			<string>&lt;group&gt;</string>
		</dict>
		<key>4C0410E61BC8787200BBB76C</key>
		<dict>
			<key>fileRef</key>
			<string>4C0410E51BC8787200BBB76C</string>
			<key>isa</key>
			<string>PBXBuildFile</string>
		</dict>
		<key>4C211F441C3DB8270082F4DF</key>
		<dict>
			<key>buildActionMask</key>
			<string>2147483647</string>
			<key>files</key>
			<array>
				<string>4C315DF21C4A617C008003E1</string>
				<string>4CF4105D1C4BC044002FD49A</string>
				<string>4C211F4D1C3DB8270082F4DF</string>
			</array>
			<key>isa</key>
			<string>PBXSourcesBuildPhase</string>
			<key>runOnlyForDeploymentPostprocessing</key>
			<string>0</string>
		</dict>
		<key>4C211F451C3DB8270082F4DF</key>
		<dict>
			<key>buildActionMask</key>
			<string>2147483647</string>
			<key>files</key>
			<array>
				<string>4CF4105A1C4BB466002FD49A</string>
				<string>4C211F4A1C3DB8270082F4DF</string>
			</array>
			<key>isa</key>
			<string>PBXFrameworksBuildPhase</string>
			<key>runOnlyForDeploymentPostprocessing</key>
			<string>0</string>
		</dict>
		<key>4C211F461C3DB8270082F4DF</key>
		<dict>
			<key>buildActionMask</key>
			<string>2147483647</string>
			<key>files</key>
			<array>
				<string>4C211F501C3DB8270082F4DF</string>
				<string>4C315DF31C4A8326008003E1</string>
			</array>
			<key>isa</key>
			<string>PBXResourcesBuildPhase</string>
			<key>runOnlyForDeploymentPostprocessing</key>
			<string>0</string>
		</dict>
		<key>4C211F471C3DB8270082F4DF</key>
		<dict>
			<key>buildConfigurationList</key>
			<string>4C211F571C3DB8270082F4DF</string>
			<key>buildPhases</key>
			<array>
				<string>4C211F441C3DB8270082F4DF</string>
				<string>4C211F451C3DB8270082F4DF</string>
				<string>4C211F461C3DB8270082F4DF</string>
			</array>
			<key>buildRules</key>
			<array/>
			<key>dependencies</key>
			<array/>
			<key>isa</key>
			<string>PBXNativeTarget</string>
			<key>name</key>
			<string>Photo Widget</string>
			<key>productName</key>
			<string>Photo Widget</string>
			<key>productReference</key>
			<string>4C211F481C3DB8270082F4DF</string>
			<key>productType</key>
			<string>com.apple.product-type.app-extension</string>
		</dict>
		<key>4C211F481C3DB8270082F4DF</key>
		<dict>
			<key>explicitFileType</key>
			<string>wrapper.app-extension</string>
			<key>includeInIndex</key>
			<string>0</string>
			<key>isa</key>
			<string>PBXFileReference</string>
			<key>path</key>
			<string>Photo Widget.appex</string>
			<key>sourceTree</key>
			<string>BUILT_PRODUCTS_DIR</string>
		</dict>
		<key>4C211F491C3DB8270082F4DF</key>
		<dict>
			<key>isa</key>
			<string>PBXFileReference</string>
			<key>lastKnownFileType</key>
			<string>wrapper.framework</string>
			<key>name</key>
			<string>NotificationCenter.framework</string>
			<key>path</key>
			<string>System/Library/Frameworks/NotificationCenter.framework</string>
			<key>sourceTree</key>
			<string>SDKROOT</string>
		</dict>
		<key>4C211F4A1C3DB8270082F4DF</key>
		<dict>
			<key>fileRef</key>
			<string>4C211F491C3DB8270082F4DF</string>
			<key>isa</key>
			<string>PBXBuildFile</string>
		</dict>
		<key>4C211F4B1C3DB8270082F4DF</key>
		<dict>
			<key>children</key>
			<array>
				<string>4C211F511C3DB8270082F4DF</string>
				<string>4C211F4E1C3DB8270082F4DF</string>
				<string>4C211F4C1C3DB8270082F4DF</string>
				<string>4C315DF11C4A617C008003E1</string>
			</array>
			<key>isa</key>
			<string>PBXGroup</string>
			<key>path</key>
			<string>Photo Widget</string>
			<key>sourceTree</key>
			<string>&lt;group&gt;</string>
		</dict>
		<key>4C211F4C1C3DB8270082F4DF</key>
		<dict>
			<key>isa</key>
			<string>PBXFileReference</string>
			<key>lastKnownFileType</key>
			<string>sourcecode.swift</string>
			<key>path</key>
			<string>TodayViewController.swift</string>
			<key>sourceTree</key>
			<string>&lt;group&gt;</string>
		</dict>
		<key>4C211F4D1C3DB8270082F4DF</key>
		<dict>
			<key>fileRef</key>
			<string>4C211F4C1C3DB8270082F4DF</string>
			<key>isa</key>
			<string>PBXBuildFile</string>
		</dict>
		<key>4C211F4E1C3DB8270082F4DF</key>
		<dict>
			<key>children</key>
			<array>
				<string>4C211F4F1C3DB8270082F4DF</string>
			</array>
			<key>isa</key>
			<string>PBXVariantGroup</string>
			<key>name</key>
			<string>MainInterface.storyboard</string>
			<key>path</key>
			<string>.</string>
			<key>sourceTree</key>
			<string>&lt;group&gt;</string>
		</dict>
		<key>4C211F4F1C3DB8270082F4DF</key>
		<dict>
			<key>isa</key>
			<string>PBXFileReference</string>
			<key>lastKnownFileType</key>
			<string>file.storyboard</string>
			<key>name</key>
			<string>Base</string>
			<key>path</key>
			<string>Base.lproj/MainInterface.storyboard</string>
			<key>sourceTree</key>
			<string>&lt;group&gt;</string>
		</dict>
		<key>4C211F501C3DB8270082F4DF</key>
		<dict>
			<key>fileRef</key>
			<string>4C211F4E1C3DB8270082F4DF</string>
			<key>isa</key>
			<string>PBXBuildFile</string>
		</dict>
		<key>4C211F511C3DB8270082F4DF</key>
		<dict>
			<key>isa</key>
			<string>PBXFileReference</string>
			<key>lastKnownFileType</key>
			<string>text.plist.xml</string>
			<key>path</key>
			<string>Info.plist</string>
			<key>sourceTree</key>
			<string>&lt;group&gt;</string>
		</dict>
		<key>4C211F521C3DB8270082F4DF</key>
		<dict>
			<key>containerPortal</key>
			<string>4CEAA8E01B3340C600774FE8</string>
			<key>isa</key>
			<string>PBXContainerItemProxy</string>
			<key>proxyType</key>
			<string>1</string>
			<key>remoteGlobalIDString</key>
			<string>4C211F471C3DB8270082F4DF</string>
			<key>remoteInfo</key>
			<string>Photo Widget</string>
		</dict>
		<key>4C211F531C3DB8270082F4DF</key>
		<dict>
			<key>isa</key>
			<string>PBXTargetDependency</string>
			<key>target</key>
			<string>4C211F471C3DB8270082F4DF</string>
			<key>targetProxy</key>
			<string>4C211F521C3DB8270082F4DF</string>
		</dict>
		<key>4C211F541C3DB8270082F4DF</key>
		<dict>
			<key>fileRef</key>
			<string>4C211F481C3DB8270082F4DF</string>
			<key>isa</key>
			<string>PBXBuildFile</string>
			<key>settings</key>
			<dict>
				<key>ATTRIBUTES</key>
				<array>
					<string>RemoveHeadersOnCopy</string>
				</array>
			</dict>
		</dict>
		<key>4C211F551C3DB8270082F4DF</key>
		<dict>
			<key>buildSettings</key>
			<dict>
				<key>CODE_SIGN_IDENTITY</key>
				<string></string>
				<key>CODE_SIGN_IDENTITY[sdk=iphoneos*]</key>
				<string>iPhone Developer</string>
				<key>DEBUG_INFORMATION_FORMAT</key>
				<string>dwarf</string>
				<key>INFOPLIST_FILE</key>
				<string>Photo Widget/Info.plist</string>
				<key>IPHONEOS_DEPLOYMENT_TARGET</key>
				<string>8.4</string>
				<key>LD_RUNPATH_SEARCH_PATHS</key>
				<string>$(inherited) @executable_path/Frameworks @executable_path/../../Frameworks</string>
				<key>PRODUCT_BUNDLE_IDENTIFIER</key>
				<string>com.luacheia.memories.Photo-Widget</string>
				<key>PRODUCT_NAME</key>
				<string>$(TARGET_NAME)</string>
				<key>SKIP_INSTALL</key>
				<string>YES</string>
			</dict>
			<key>isa</key>
			<string>XCBuildConfiguration</string>
			<key>name</key>
			<string>Debug</string>
		</dict>
		<key>4C211F561C3DB8270082F4DF</key>
		<dict>
			<key>buildSettings</key>
			<dict>
				<key>CODE_SIGN_IDENTITY</key>
				<string></string>
				<key>CODE_SIGN_IDENTITY[sdk=iphoneos*]</key>
				<string>iPhone Distribution</string>
				<key>INFOPLIST_FILE</key>
				<string>Photo Widget/Info.plist</string>
				<key>IPHONEOS_DEPLOYMENT_TARGET</key>
				<string>8.4</string>
				<key>LD_RUNPATH_SEARCH_PATHS</key>
				<string>$(inherited) @executable_path/Frameworks @executable_path/../../Frameworks</string>
				<key>PRODUCT_BUNDLE_IDENTIFIER</key>
				<string>com.luacheia.memories.Photo-Widget</string>
				<key>PRODUCT_NAME</key>
				<string>$(TARGET_NAME)</string>
				<key>SKIP_INSTALL</key>
				<string>YES</string>
			</dict>
			<key>isa</key>
			<string>XCBuildConfiguration</string>
			<key>name</key>
			<string>Release</string>
		</dict>
		<key>4C211F571C3DB8270082F4DF</key>
		<dict>
			<key>buildConfigurations</key>
			<array>
				<string>4C211F551C3DB8270082F4DF</string>
				<string>4C211F561C3DB8270082F4DF</string>
			</array>
			<key>defaultConfigurationIsVisible</key>
			<string>0</string>
			<key>defaultConfigurationName</key>
			<string>Release</string>
			<key>isa</key>
			<string>XCConfigurationList</string>
		</dict>
		<key>4C211F581C3DB8270082F4DF</key>
		<dict>
			<key>buildActionMask</key>
			<string>2147483647</string>
			<key>dstPath</key>
			<string></string>
			<key>dstSubfolderSpec</key>
			<string>13</string>
			<key>files</key>
			<array>
				<string>4C211F541C3DB8270082F4DF</string>
			</array>
			<key>isa</key>
			<string>PBXCopyFilesBuildPhase</string>
			<key>name</key>
			<string>Embed App Extensions</string>
			<key>runOnlyForDeploymentPostprocessing</key>
			<string>0</string>
		</dict>
		<key>4C2DFCA91B9E21BC00AD6E16</key>
		<dict>
			<key>fileEncoding</key>
			<string>4</string>
			<key>isa</key>
			<string>PBXFileReference</string>
			<key>lastKnownFileType</key>
			<string>sourcecode.swift</string>
			<key>path</key>
			<string>NotificationManager.swift</string>
			<key>sourceTree</key>
			<string>&lt;group&gt;</string>
		</dict>
		<key>4C2DFCAA1B9E21BC00AD6E16</key>
		<dict>
			<key>fileRef</key>
			<string>4C2DFCA91B9E21BC00AD6E16</string>
			<key>isa</key>
			<string>PBXBuildFile</string>
		</dict>
		<key>4C315DF11C4A617C008003E1</key>
		<dict>
			<key>fileEncoding</key>
			<string>4</string>
			<key>isa</key>
			<string>PBXFileReference</string>
			<key>lastKnownFileType</key>
			<string>sourcecode.swift</string>
			<key>path</key>
			<string>TodayViewModel.swift</string>
			<key>sourceTree</key>
			<string>&lt;group&gt;</string>
		</dict>
		<key>4C315DF21C4A617C008003E1</key>
		<dict>
			<key>fileRef</key>
			<string>4C315DF11C4A617C008003E1</string>
			<key>isa</key>
			<string>PBXBuildFile</string>
		</dict>
		<key>4C315DF31C4A8326008003E1</key>
		<dict>
			<key>fileRef</key>
			<string>4CEAA8F41B3340C600774FE8</string>
			<key>isa</key>
			<string>PBXBuildFile</string>
		</dict>
		<key>4C315DF41C4A8337008003E1</key>
		<dict>
			<key>fileRef</key>
			<string>4CEAA8F41B3340C600774FE8</string>
			<key>isa</key>
			<string>PBXBuildFile</string>
		</dict>
		<key>4C3334521B65712D00D907C8</key>
		<dict>
			<key>fileEncoding</key>
			<string>4</string>
			<key>isa</key>
			<string>PBXFileReference</string>
			<key>lastKnownFileType</key>
			<string>sourcecode.swift</string>
			<key>path</key>
			<string>PhotoViewModel.swift</string>
			<key>sourceTree</key>
			<string>&lt;group&gt;</string>
		</dict>
		<key>4C3334531B65712D00D907C8</key>
		<dict>
			<key>fileRef</key>
			<string>4C3334521B65712D00D907C8</string>
			<key>isa</key>
			<string>PBXBuildFile</string>
		</dict>
		<key>4C3334541B659DAA00D907C8</key>
		<dict>
			<key>fileEncoding</key>
			<string>4</string>
			<key>isa</key>
			<string>PBXFileReference</string>
			<key>lastKnownFileType</key>
			<string>sourcecode.swift</string>
			<key>path</key>
			<string>ZoomingPhotoView.swift</string>
			<key>sourceTree</key>
			<string>&lt;group&gt;</string>
		</dict>
		<key>4C3334551B659DAA00D907C8</key>
		<dict>
			<key>fileRef</key>
			<string>4C3334541B659DAA00D907C8</string>
			<key>isa</key>
			<string>PBXBuildFile</string>
		</dict>
		<key>4C5B90271B5D9C590014A87C</key>
		<dict>
			<key>fileEncoding</key>
			<string>4</string>
			<key>isa</key>
			<string>PBXFileReference</string>
			<key>lastKnownFileType</key>
			<string>sourcecode.swift</string>
			<key>path</key>
			<string>GridHeaderView.swift</string>
			<key>sourceTree</key>
			<string>&lt;group&gt;</string>
		</dict>
		<key>4C5B90281B5D9C590014A87C</key>
		<dict>
			<key>fileRef</key>
			<string>4C5B90271B5D9C590014A87C</string>
			<key>isa</key>
			<string>PBXBuildFile</string>
		</dict>
		<key>4C6299AC1B4CB0AD00B8795E</key>
		<dict>
			<key>fileEncoding</key>
			<string>4</string>
			<key>isa</key>
			<string>PBXFileReference</string>
			<key>lastKnownFileType</key>
			<string>sourcecode.swift</string>
			<key>path</key>
			<string>PhotoViewController.swift</string>
			<key>sourceTree</key>
			<string>&lt;group&gt;</string>
		</dict>
		<key>4C6299AD1B4CB0AD00B8795E</key>
		<dict>
			<key>fileRef</key>
			<string>4C6299AC1B4CB0AD00B8795E</string>
			<key>isa</key>
			<string>PBXBuildFile</string>
		</dict>
		<key>4C641B8A1C3DB240004B15D7</key>
		<dict>
			<key>children</key>
			<array>
				<string>4CF4105B1C4BB732002FD49A</string>
				<string>4C6F48EE1B69850F00CF7E67</string>
				<string>4C989BDE1BA7806E00D4C13F</string>
				<string>4C0410E51BC8787200BBB76C</string>
			</array>
			<key>isa</key>
			<string>PBXGroup</string>
			<key>name</key>
			<string>Utilities</string>
			<key>path</key>
			<string>Utilities</string>
			<key>sourceTree</key>
			<string>&lt;group&gt;</string>
		</dict>
		<key>4C641B8B1C3DB274004B15D7</key>
		<dict>
			<key>children</key>
			<array>
				<string>4C2DFCA91B9E21BC00AD6E16</string>
				<string>4CBA89661BBC926100913336</string>
			</array>
			<key>isa</key>
			<string>PBXGroup</string>
			<key>name</key>
			<string>Managers</string>
			<key>path</key>
			<string>Managers</string>
			<key>sourceTree</key>
			<string>&lt;group&gt;</string>
		</dict>
		<key>4C641B8C1C3DB2A5004B15D7</key>
		<dict>
			<key>children</key>
			<array>
				<string>4C5B90271B5D9C590014A87C</string>
				<string>4CEAA90F1B33462600774FE8</string>
				<string>4CEAA90D1B3343F700774FE8</string>
				<string>4CF5FEEE1B58212700F8517D</string>
				<string>4CAAF0741B827EAD00AE47C3</string>
			</array>
			<key>isa</key>
			<string>PBXGroup</string>
			<key>name</key>
			<string>Grid View</string>
			<key>path</key>
			<string>Grid View</string>
			<key>sourceTree</key>
			<string>&lt;group&gt;</string>
		</dict>
		<key>4C641B8D1C3DB2BE004B15D7</key>
		<dict>
			<key>children</key>
			<array>
				<string>4CB674B41BA1EBC7001F401A</string>
				<string>4C989BE01BA780BB00D4C13F</string>
			</array>
			<key>isa</key>
			<string>PBXGroup</string>
			<key>name</key>
			<string>Settings</string>
			<key>path</key>
			<string>Settings</string>
			<key>sourceTree</key>
			<string>&lt;group&gt;</string>
		</dict>
		<key>4C641B8E1C3DB2D6004B15D7</key>
		<dict>
			<key>children</key>
			<array>
				<string>4CF5747F1C06749B00D12ADB</string>
				<string>4CE8BD961C03BBE500207BE1</string>
			</array>
			<key>isa</key>
			<string>PBXGroup</string>
			<key>name</key>
			<string>Date Picker</string>
			<key>path</key>
			<string>Date Picker</string>
			<key>sourceTree</key>
			<string>&lt;group&gt;</string>
		</dict>
		<key>4C641B8F1C3DB2F8004B15D7</key>
		<dict>
			<key>children</key>
			<array>
				<string>4C6299AC1B4CB0AD00B8795E</string>
				<string>4C3334521B65712D00D907C8</string>
				<string>4C3334541B659DAA00D907C8</string>
			</array>
			<key>isa</key>
			<string>PBXGroup</string>
			<key>name</key>
			<string>Photo View</string>
			<key>path</key>
			<string>Photo View</string>
			<key>sourceTree</key>
			<string>&lt;group&gt;</string>
		</dict>
		<key>4C641B901C3DB30C004B15D7</key>
		<dict>
			<key>children</key>
			<array>
				<string>4C00A4F41C1B7ED30078A43F</string>
				<string>4C921FD11C1A038800F0411D</string>
			</array>
			<key>isa</key>
			<string>PBXGroup</string>
			<key>name</key>
			<string>Transitions</string>
			<key>path</key>
			<string>Transitions</string>
			<key>sourceTree</key>
			<string>&lt;group&gt;</string>
		</dict>
		<key>4C6F48EE1B69850F00CF7E67</key>
		<dict>
			<key>fileEncoding</key>
			<string>4</string>
			<key>isa</key>
			<string>PBXFileReference</string>
			<key>lastKnownFileType</key>
			<string>sourcecode.swift</string>
			<key>path</key>
			<string>DismissSegue.swift</string>
			<key>sourceTree</key>
			<string>&lt;group&gt;</string>
		</dict>
		<key>4C6F48EF1B69850F00CF7E67</key>
		<dict>
			<key>fileRef</key>
			<string>4C6F48EE1B69850F00CF7E67</string>
			<key>isa</key>
			<string>PBXBuildFile</string>
		</dict>
		<key>4C8594C51BB33CF5005CCFAC</key>
		<dict>
			<key>isa</key>
			<string>PBXFileReference</string>
			<key>lastKnownFileType</key>
			<string>wrapper.framework</string>
			<key>name</key>
			<string>Cartography.framework</string>
			<key>path</key>
			<string>Carthage/Build/iOS/Cartography.framework</string>
			<key>sourceTree</key>
			<string>&lt;group&gt;</string>
		</dict>
		<key>4C8594C91BB33D02005CCFAC</key>
		<dict>
			<key>isa</key>
			<string>PBXFileReference</string>
			<key>lastKnownFileType</key>
			<string>wrapper.framework</string>
			<key>name</key>
			<string>DACircularProgress.framework</string>
			<key>path</key>
			<string>Carthage/Build/iOS/DACircularProgress.framework</string>
			<key>sourceTree</key>
			<string>&lt;group&gt;</string>
		</dict>
		<key>4C8594CC1BB33D49005CCFAC</key>
		<dict>
			<key>fileRef</key>
			<string>4C8594C51BB33CF5005CCFAC</string>
			<key>isa</key>
			<string>PBXBuildFile</string>
		</dict>
		<key>4C8594CD1BB33D4C005CCFAC</key>
		<dict>
			<key>fileRef</key>
			<string>4C8594C91BB33D02005CCFAC</string>
			<key>isa</key>
			<string>PBXBuildFile</string>
		</dict>
		<key>4C8594CE1BB33D7F005CCFAC</key>
		<dict>
			<key>buildActionMask</key>
			<string>2147483647</string>
			<key>files</key>
			<array/>
			<key>inputPaths</key>
			<array>
				<string>$(SRCROOT)/Carthage/Build/iOS/Cartography.framework</string>
				<string>$(SRCROOT)/Carthage/Build/iOS/DACircularProgress.framework</string>
				<string>$(SRCROOT)/Carthage/Build/iOS/RMStore.framework</string>
			</array>
			<key>isa</key>
			<string>PBXShellScriptBuildPhase</string>
			<key>outputPaths</key>
			<array/>
			<key>runOnlyForDeploymentPostprocessing</key>
			<string>0</string>
			<key>shellPath</key>
			<string>/bin/sh</string>
			<key>shellScript</key>
			<string>/usr/local/bin/carthage copy-frameworks</string>
		</dict>
		<key>4C8594CF1BB33E01005CCFAC</key>
		<dict>
			<key>buildActionMask</key>
			<string>2147483647</string>
			<key>dstPath</key>
			<string></string>
			<key>dstSubfolderSpec</key>
			<string>16</string>
			<key>files</key>
			<array>
				<string>4C8594D11BB33E27005CCFAC</string>
				<string>4C8594D31BB33E2F005CCFAC</string>
				<string>4CBA89651BBC66E000913336</string>
			</array>
			<key>isa</key>
			<string>PBXCopyFilesBuildPhase</string>
			<key>runOnlyForDeploymentPostprocessing</key>
			<string>0</string>
		</dict>
		<key>4C8594D01BB33E27005CCFAC</key>
		<dict>
			<key>isa</key>
			<string>PBXFileReference</string>
			<key>lastKnownFileType</key>
			<string>wrapper.dsym</string>
			<key>name</key>
			<string>Cartography.framework.dSYM</string>
			<key>path</key>
			<string>Carthage/Build/iOS/Cartography.framework.dSYM</string>
			<key>sourceTree</key>
			<string>&lt;group&gt;</string>
		</dict>
		<key>4C8594D11BB33E27005CCFAC</key>
		<dict>
			<key>fileRef</key>
			<string>4C8594D01BB33E27005CCFAC</string>
			<key>isa</key>
			<string>PBXBuildFile</string>
		</dict>
		<key>4C8594D21BB33E2F005CCFAC</key>
		<dict>
			<key>isa</key>
			<string>PBXFileReference</string>
			<key>lastKnownFileType</key>
			<string>wrapper.dsym</string>
			<key>name</key>
			<string>DACircularProgress.framework.dSYM</string>
			<key>path</key>
			<string>Carthage/Build/iOS/DACircularProgress.framework.dSYM</string>
			<key>sourceTree</key>
			<string>&lt;group&gt;</string>
		</dict>
		<key>4C8594D31BB33E2F005CCFAC</key>
		<dict>
			<key>fileRef</key>
			<string>4C8594D21BB33E2F005CCFAC</string>
			<key>isa</key>
			<string>PBXBuildFile</string>
		</dict>
		<key>4C8594D41BB33E9C005CCFAC</key>
		<dict>
			<key>children</key>
			<array>
				<string>4CBA89681BBC9BF300913336</string>
				<string>4C8594D21BB33E2F005CCFAC</string>
				<string>4C8594D01BB33E27005CCFAC</string>
				<string>4CBA89641BBC66E000913336</string>
				<string>4CBA89621BBC66BB00913336</string>
				<string>4C8594C91BB33D02005CCFAC</string>
				<string>4C8594C51BB33CF5005CCFAC</string>
				<string>4C211F491C3DB8270082F4DF</string>
			</array>
			<key>isa</key>
			<string>PBXGroup</string>
			<key>name</key>
			<string>Frameworks</string>
			<key>sourceTree</key>
			<string>&lt;group&gt;</string>
		</dict>
		<key>4C91432B1BA958CC001B30A9</key>
		<dict>
			<key>isa</key>
			<string>PBXFileReference</string>
			<key>lastKnownFileType</key>
			<string>audio.mp3</string>
			<key>path</key>
			<string>notification.mp3</string>
			<key>sourceTree</key>
			<string>&lt;group&gt;</string>
		</dict>
		<key>4C91432C1BA958CC001B30A9</key>
		<dict>
			<key>fileRef</key>
			<string>4C91432B1BA958CC001B30A9</string>
			<key>isa</key>
			<string>PBXBuildFile</string>
		</dict>
		<key>4C921FD11C1A038800F0411D</key>
		<dict>
			<key>fileEncoding</key>
			<string>4</string>
			<key>isa</key>
			<string>PBXFileReference</string>
			<key>lastKnownFileType</key>
			<string>sourcecode.swift</string>
			<key>path</key>
			<string>PhotoViewPresentTransition.swift</string>
			<key>sourceTree</key>
			<string>&lt;group&gt;</string>
		</dict>
		<key>4C921FD21C1A038800F0411D</key>
		<dict>
			<key>fileRef</key>
			<string>4C921FD11C1A038800F0411D</string>
			<key>isa</key>
			<string>PBXBuildFile</string>
		</dict>
		<key>4C989BDE1BA7806E00D4C13F</key>
		<dict>
			<key>fileEncoding</key>
			<string>4</string>
			<key>isa</key>
			<string>PBXFileReference</string>
			<key>lastKnownFileType</key>
			<string>sourcecode.swift</string>
			<key>path</key>
			<string>Dynamic.swift</string>
			<key>sourceTree</key>
			<string>&lt;group&gt;</string>
		</dict>
		<key>4C989BDF1BA7806E00D4C13F</key>
		<dict>
			<key>fileRef</key>
			<string>4C989BDE1BA7806E00D4C13F</string>
			<key>isa</key>
			<string>PBXBuildFile</string>
		</dict>
		<key>4C989BE01BA780BB00D4C13F</key>
		<dict>
			<key>fileEncoding</key>
			<string>4</string>
			<key>isa</key>
			<string>PBXFileReference</string>
			<key>lastKnownFileType</key>
			<string>sourcecode.swift</string>
			<key>path</key>
			<string>SettingsViewModel.swift</string>
			<key>sourceTree</key>
			<string>&lt;group&gt;</string>
		</dict>
		<key>4C989BE11BA780BB00D4C13F</key>
		<dict>
			<key>fileRef</key>
			<string>4C989BE01BA780BB00D4C13F</string>
			<key>isa</key>
			<string>PBXBuildFile</string>
		</dict>
		<key>4CAAF0741B827EAD00AE47C3</key>
		<dict>
			<key>fileEncoding</key>
			<string>4</string>
			<key>isa</key>
			<string>PBXFileReference</string>
			<key>lastKnownFileType</key>
			<string>sourcecode.swift</string>
			<key>path</key>
			<string>PullView.swift</string>
			<key>sourceTree</key>
			<string>&lt;group&gt;</string>
		</dict>
		<key>4CAAF0751B827EAD00AE47C3</key>
		<dict>
			<key>fileRef</key>
			<string>4CAAF0741B827EAD00AE47C3</string>
			<key>isa</key>
			<string>PBXBuildFile</string>
		</dict>
		<key>4CB674B41BA1EBC7001F401A</key>
		<dict>
			<key>fileEncoding</key>
			<string>4</string>
			<key>isa</key>
			<string>PBXFileReference</string>
			<key>lastKnownFileType</key>
			<string>sourcecode.swift</string>
			<key>path</key>
			<string>SettingsViewController.swift</string>
			<key>sourceTree</key>
			<string>&lt;group&gt;</string>
		</dict>
		<key>4CB674B51BA1EBC7001F401A</key>
		<dict>
			<key>fileRef</key>
			<string>4CB674B41BA1EBC7001F401A</string>
			<key>isa</key>
			<string>PBXBuildFile</string>
		</dict>
		<key>4CBA89621BBC66BB00913336</key>
		<dict>
			<key>isa</key>
			<string>PBXFileReference</string>
			<key>lastKnownFileType</key>
			<string>wrapper.framework</string>
			<key>name</key>
			<string>RMStore.framework</string>
			<key>path</key>
			<string>Carthage/Build/iOS/RMStore.framework</string>
			<key>sourceTree</key>
			<string>&lt;group&gt;</string>
		</dict>
		<key>4CBA89631BBC66BB00913336</key>
		<dict>
			<key>fileRef</key>
			<string>4CBA89621BBC66BB00913336</string>
			<key>isa</key>
			<string>PBXBuildFile</string>
		</dict>
		<key>4CBA89641BBC66E000913336</key>
		<dict>
			<key>isa</key>
			<string>PBXFileReference</string>
			<key>lastKnownFileType</key>
			<string>wrapper.dsym</string>
			<key>name</key>
			<string>RMStore.framework.dSYM</string>
			<key>path</key>
			<string>Carthage/Build/iOS/RMStore.framework.dSYM</string>
			<key>sourceTree</key>
			<string>&lt;group&gt;</string>
		</dict>
		<key>4CBA89651BBC66E000913336</key>
		<dict>
			<key>fileRef</key>
			<string>4CBA89641BBC66E000913336</string>
			<key>isa</key>
			<string>PBXBuildFile</string>
		</dict>
		<key>4CBA89661BBC926100913336</key>
		<dict>
			<key>fileEncoding</key>
			<string>4</string>
			<key>isa</key>
			<string>PBXFileReference</string>
			<key>lastKnownFileType</key>
			<string>sourcecode.swift</string>
			<key>path</key>
			<string>UpgradeManager.swift</string>
			<key>sourceTree</key>
			<string>&lt;group&gt;</string>
		</dict>
		<key>4CBA89671BBC926100913336</key>
		<dict>
			<key>fileRef</key>
			<string>4CBA89661BBC926100913336</string>
			<key>isa</key>
			<string>PBXBuildFile</string>
		</dict>
		<key>4CBA89681BBC9BF300913336</key>
		<dict>
			<key>isa</key>
			<string>PBXFileReference</string>
			<key>lastKnownFileType</key>
			<string>wrapper.framework</string>
			<key>name</key>
			<string>Security.framework</string>
			<key>path</key>
			<string>System/Library/Frameworks/Security.framework</string>
			<key>sourceTree</key>
			<string>SDKROOT</string>
		</dict>
		<key>4CBA89691BBC9BF300913336</key>
		<dict>
			<key>fileRef</key>
			<string>4CBA89681BBC9BF300913336</string>
			<key>isa</key>
			<string>PBXBuildFile</string>
		</dict>
		<key>4CE8BD961C03BBE500207BE1</key>
		<dict>
			<key>fileEncoding</key>
			<string>4</string>
			<key>isa</key>
			<string>PBXFileReference</string>
			<key>lastKnownFileType</key>
			<string>sourcecode.swift</string>
			<key>path</key>
			<string>DatePickerViewController.swift</string>
			<key>sourceTree</key>
			<string>&lt;group&gt;</string>
		</dict>
		<key>4CE8BD971C03BBE500207BE1</key>
		<dict>
			<key>fileRef</key>
			<string>4CE8BD961C03BBE500207BE1</string>
			<key>isa</key>
			<string>PBXBuildFile</string>
		</dict>
		<key>4CEAA8DF1B3340C600774FE8</key>
		<dict>
			<key>children</key>
			<array>
				<string>4C8594D41BB33E9C005CCFAC</string>
				<string>4CEAA8EA1B3340C600774FE8</string>
				<string>4CF4104C1C4BB099002FD49A</string>
				<string>4C211F4B1C3DB8270082F4DF</string>
				<string>4CEAA8E91B3340C600774FE8</string>
			</array>
			<key>isa</key>
			<string>PBXGroup</string>
			<key>sourceTree</key>
			<string>&lt;group&gt;</string>
		</dict>
		<key>4CEAA8E01B3340C600774FE8</key>
		<dict>
			<key>attributes</key>
			<dict>
				<key>LastSwiftUpdateCheck</key>
				<string>0730</string>
				<key>LastUpgradeCheck</key>
				<string>0700</string>
				<key>ORGANIZATIONNAME</key>
				<string>Michael Brown</string>
				<key>TargetAttributes</key>
				<dict>
					<key>4C211F471C3DB8270082F4DF</key>
					<dict>
						<key>CreatedOnToolsVersion</key>
						<string>7.2</string>
						<key>DevelopmentTeam</key>
						<string>4KZP2U7889</string>
					</dict>
					<key>4CEAA8E71B3340C600774FE8</key>
					<dict>
						<key>CreatedOnToolsVersion</key>
						<string>6.3.2</string>
						<key>DevelopmentTeam</key>
						<string>4KZP2U7889</string>
					</dict>
					<key>4CF4104A1C4BB098002FD49A</key>
					<dict>
						<key>CreatedOnToolsVersion</key>
						<string>7.3</string>
						<key>DevelopmentTeam</key>
						<string>4KZP2U7889</string>
					</dict>
				</dict>
			</dict>
			<key>buildConfigurationList</key>
			<string>4CEAA8E31B3340C600774FE8</string>
			<key>compatibilityVersion</key>
			<string>Xcode 3.2</string>
			<key>developmentRegion</key>
			<string>English</string>
			<key>hasScannedForEncodings</key>
			<string>0</string>
			<key>isa</key>
			<string>PBXProject</string>
			<key>knownRegions</key>
			<array>
				<string>en</string>
				<string>Base</string>
			</array>
			<key>mainGroup</key>
			<string>4CEAA8DF1B3340C600774FE8</string>
			<key>productRefGroup</key>
			<string>4CEAA8E91B3340C600774FE8</string>
			<key>projectDirPath</key>
			<string></string>
			<key>projectReferences</key>
			<array/>
			<key>projectRoot</key>
			<string></string>
			<key>targets</key>
			<array>
				<string>4CEAA8E71B3340C600774FE8</string>
				<string>4C211F471C3DB8270082F4DF</string>
				<string>4CF4104A1C4BB098002FD49A</string>
			</array>
		</dict>
		<key>4CEAA8E31B3340C600774FE8</key>
		<dict>
			<key>buildConfigurations</key>
			<array>
				<string>4CEAA9051B3340C600774FE8</string>
				<string>4CEAA9061B3340C600774FE8</string>
			</array>
			<key>defaultConfigurationIsVisible</key>
			<string>0</string>
			<key>defaultConfigurationName</key>
			<string>Release</string>
			<key>isa</key>
			<string>XCConfigurationList</string>
		</dict>
		<key>4CEAA8E41B3340C600774FE8</key>
		<dict>
			<key>buildActionMask</key>
			<string>2147483647</string>
			<key>files</key>
			<array>
				<string>4C989BDF1BA7806E00D4C13F</string>
				<string>4C921FD21C1A038800F0411D</string>
				<string>4CEAA8EE1B3340C600774FE8</string>
				<string>4C3334551B659DAA00D907C8</string>
				<string>4C5B90281B5D9C590014A87C</string>
				<string>4C3334531B65712D00D907C8</string>
				<string>4C2DFCAA1B9E21BC00AD6E16</string>
				<string>4CF5FEEF1B58212700F8517D</string>
				<string>4CF574801C06749B00D12ADB</string>
				<string>4C0410E61BC8787200BBB76C</string>
				<string>4CAAF0751B827EAD00AE47C3</string>
				<string>4CEAA9101B33462600774FE8</string>
				<string>4CBA89671BBC926100913336</string>
				<string>4CF4105C1C4BB732002FD49A</string>
				<string>4CEAA90E1B3343F700774FE8</string>
				<string>4C00A4F51C1B7ED30078A43F</string>
				<string>4CE8BD971C03BBE500207BE1</string>
				<string>4C6F48EF1B69850F00CF7E67</string>
				<string>4C6299AD1B4CB0AD00B8795E</string>
				<string>4CB674B51BA1EBC7001F401A</string>
				<string>4C989BE11BA780BB00D4C13F</string>
			</array>
			<key>isa</key>
			<string>PBXSourcesBuildPhase</string>
			<key>runOnlyForDeploymentPostprocessing</key>
			<string>0</string>
		</dict>
		<key>4CEAA8E51B3340C600774FE8</key>
		<dict>
			<key>buildActionMask</key>
			<string>2147483647</string>
			<key>files</key>
			<array>
				<string>4CBA89691BBC9BF300913336</string>
				<string>4CF410521C4BB099002FD49A</string>
				<string>4C8594CC1BB33D49005CCFAC</string>
				<string>4C8594CD1BB33D4C005CCFAC</string>
				<string>4CBA89631BBC66BB00913336</string>
			</array>
			<key>isa</key>
			<string>PBXFrameworksBuildPhase</string>
			<key>runOnlyForDeploymentPostprocessing</key>
			<string>0</string>
		</dict>
		<key>4CEAA8E61B3340C600774FE8</key>
		<dict>
			<key>buildActionMask</key>
			<string>2147483647</string>
			<key>files</key>
			<array>
				<string>4C315DF41C4A8337008003E1</string>
				<string>4CEAA8F31B3340C600774FE8</string>
				<string>4C91432C1BA958CC001B30A9</string>
			</array>
			<key>isa</key>
			<string>PBXResourcesBuildPhase</string>
			<key>runOnlyForDeploymentPostprocessing</key>
			<string>0</string>
		</dict>
		<key>4CEAA8E71B3340C600774FE8</key>
		<dict>
			<key>buildConfigurationList</key>
			<string>4CEAA9071B3340C600774FE8</string>
			<key>buildPhases</key>
			<array>
				<string>4CEAA8E41B3340C600774FE8</string>
				<string>4CEAA8E51B3340C600774FE8</string>
				<string>4CEAA8E61B3340C600774FE8</string>
				<string>4C8594CE1BB33D7F005CCFAC</string>
				<string>4C8594CF1BB33E01005CCFAC</string>
				<string>4C211F581C3DB8270082F4DF</string>
				<string>4CF410571C4BB099002FD49A</string>
			</array>
			<key>buildRules</key>
			<array/>
			<key>dependencies</key>
			<array>
				<string>4C211F531C3DB8270082F4DF</string>
				<string>4CF410511C4BB099002FD49A</string>
			</array>
			<key>isa</key>
			<string>PBXNativeTarget</string>
			<key>name</key>
			<string>Memories</string>
			<key>productName</key>
			<string>Memories</string>
			<key>productReference</key>
			<string>4CEAA8E81B3340C600774FE8</string>
			<key>productType</key>
			<string>com.apple.product-type.application</string>
		</dict>
		<key>4CEAA8E81B3340C600774FE8</key>
		<dict>
			<key>explicitFileType</key>
			<string>wrapper.application</string>
			<key>includeInIndex</key>
			<string>0</string>
			<key>isa</key>
			<string>PBXFileReference</string>
			<key>path</key>
			<string>Memories.app</string>
			<key>sourceTree</key>
			<string>BUILT_PRODUCTS_DIR</string>
		</dict>
		<key>4CEAA8E91B3340C600774FE8</key>
		<dict>
			<key>children</key>
			<array>
				<string>4CEAA8E81B3340C600774FE8</string>
				<string>4C211F481C3DB8270082F4DF</string>
				<string>4CF4104B1C4BB098002FD49A</string>
			</array>
			<key>isa</key>
			<string>PBXGroup</string>
			<key>name</key>
			<string>Products</string>
			<key>sourceTree</key>
			<string>&lt;group&gt;</string>
		</dict>
		<key>4CEAA8EA1B3340C600774FE8</key>
		<dict>
			<key>children</key>
			<array>
				<string>4C641B8E1C3DB2D6004B15D7</string>
				<string>4C641B8C1C3DB2A5004B15D7</string>
				<string>4C641B8B1C3DB274004B15D7</string>
				<string>4C641B8F1C3DB2F8004B15D7</string>
				<string>4C641B8D1C3DB2BE004B15D7</string>
				<string>4CEAA8EB1B3340C600774FE8</string>
				<string>4C641B901C3DB30C004B15D7</string>
				<string>4C641B8A1C3DB240004B15D7</string>
				<string>4CEAA8ED1B3340C600774FE8</string>
				<string>4CEAA8F41B3340C600774FE8</string>
				<string>4CEAA8F11B3340C600774FE8</string>
			</array>
			<key>isa</key>
			<string>PBXGroup</string>
			<key>path</key>
			<string>Memories</string>
			<key>sourceTree</key>
			<string>&lt;group&gt;</string>
		</dict>
		<key>4CEAA8EB1B3340C600774FE8</key>
		<dict>
			<key>children</key>
			<array>
				<string>4CEAA8EC1B3340C600774FE8</string>
				<string>4C91432B1BA958CC001B30A9</string>
			</array>
			<key>isa</key>
			<string>PBXGroup</string>
			<key>name</key>
			<string>Supporting Files</string>
			<key>path</key>
			<string>Supporting Files</string>
			<key>sourceTree</key>
			<string>&lt;group&gt;</string>
		</dict>
		<key>4CEAA8EC1B3340C600774FE8</key>
		<dict>
			<key>isa</key>
			<string>PBXFileReference</string>
			<key>lastKnownFileType</key>
			<string>text.plist.xml</string>
			<key>path</key>
			<string>Info.plist</string>
			<key>sourceTree</key>
			<string>&lt;group&gt;</string>
		</dict>
		<key>4CEAA8ED1B3340C600774FE8</key>
		<dict>
			<key>isa</key>
			<string>PBXFileReference</string>
			<key>lastKnownFileType</key>
			<string>sourcecode.swift</string>
			<key>path</key>
			<string>AppDelegate.swift</string>
			<key>sourceTree</key>
			<string>&lt;group&gt;</string>
		</dict>
		<key>4CEAA8EE1B3340C600774FE8</key>
		<dict>
			<key>fileRef</key>
			<string>4CEAA8ED1B3340C600774FE8</string>
			<key>isa</key>
			<string>PBXBuildFile</string>
		</dict>
		<key>4CEAA8F11B3340C600774FE8</key>
		<dict>
			<key>children</key>
			<array>
				<string>4CEAA8F21B3340C600774FE8</string>
			</array>
			<key>isa</key>
			<string>PBXVariantGroup</string>
			<key>name</key>
			<string>Main.storyboard</string>
			<key>path</key>
			<string>.</string>
			<key>sourceTree</key>
			<string>&lt;group&gt;</string>
		</dict>
		<key>4CEAA8F21B3340C600774FE8</key>
		<dict>
			<key>isa</key>
			<string>PBXFileReference</string>
			<key>lastKnownFileType</key>
			<string>file.storyboard</string>
			<key>name</key>
			<string>Base</string>
			<key>path</key>
			<string>Base.lproj/Main.storyboard</string>
			<key>sourceTree</key>
			<string>&lt;group&gt;</string>
		</dict>
		<key>4CEAA8F31B3340C600774FE8</key>
		<dict>
			<key>fileRef</key>
			<string>4CEAA8F11B3340C600774FE8</string>
			<key>isa</key>
			<string>PBXBuildFile</string>
		</dict>
		<key>4CEAA8F41B3340C600774FE8</key>
		<dict>
			<key>isa</key>
			<string>PBXFileReference</string>
			<key>lastKnownFileType</key>
			<string>folder.assetcatalog</string>
			<key>path</key>
			<string>Images.xcassets</string>
			<key>sourceTree</key>
			<string>&lt;group&gt;</string>
		</dict>
		<key>4CEAA9051B3340C600774FE8</key>
		<dict>
			<key>buildSettings</key>
			<dict>
				<key>ALWAYS_SEARCH_USER_PATHS</key>
				<string>NO</string>
				<key>CLANG_CXX_LANGUAGE_STANDARD</key>
				<string>gnu++0x</string>
				<key>CLANG_CXX_LIBRARY</key>
				<string>libc++</string>
				<key>CLANG_ENABLE_MODULES</key>
				<string>YES</string>
				<key>CLANG_ENABLE_OBJC_ARC</key>
				<string>YES</string>
				<key>CLANG_WARN_BOOL_CONVERSION</key>
				<string>YES</string>
				<key>CLANG_WARN_CONSTANT_CONVERSION</key>
				<string>YES</string>
				<key>CLANG_WARN_DIRECT_OBJC_ISA_USAGE</key>
				<string>YES_ERROR</string>
				<key>CLANG_WARN_EMPTY_BODY</key>
				<string>YES</string>
				<key>CLANG_WARN_ENUM_CONVERSION</key>
				<string>YES</string>
				<key>CLANG_WARN_INT_CONVERSION</key>
				<string>YES</string>
				<key>CLANG_WARN_OBJC_ROOT_CLASS</key>
				<string>YES_ERROR</string>
				<key>CLANG_WARN_UNREACHABLE_CODE</key>
				<string>YES</string>
				<key>CLANG_WARN__DUPLICATE_METHOD_MATCH</key>
				<string>YES</string>
				<key>CODE_SIGN_IDENTITY[sdk=iphoneos*]</key>
				<string>iPhone Developer</string>
				<key>COPY_PHASE_STRIP</key>
				<string>NO</string>
				<key>DEBUG_INFORMATION_FORMAT</key>
				<string>dwarf-with-dsym</string>
				<key>ENABLE_STRICT_OBJC_MSGSEND</key>
				<string>YES</string>
				<key>ENABLE_TESTABILITY</key>
				<string>YES</string>
				<key>GCC_C_LANGUAGE_STANDARD</key>
				<string>gnu99</string>
				<key>GCC_DYNAMIC_NO_PIC</key>
				<string>NO</string>
				<key>GCC_NO_COMMON_BLOCKS</key>
				<string>YES</string>
				<key>GCC_OPTIMIZATION_LEVEL</key>
				<string>0</string>
				<key>GCC_PREPROCESSOR_DEFINITIONS</key>
				<array>
					<string>DEBUG=1</string>
					<string>$(inherited)</string>
				</array>
				<key>GCC_SYMBOLS_PRIVATE_EXTERN</key>
				<string>NO</string>
				<key>GCC_WARN_64_TO_32_BIT_CONVERSION</key>
				<string>YES</string>
				<key>GCC_WARN_ABOUT_RETURN_TYPE</key>
				<string>YES_ERROR</string>
				<key>GCC_WARN_UNDECLARED_SELECTOR</key>
				<string>YES</string>
				<key>GCC_WARN_UNINITIALIZED_AUTOS</key>
				<string>YES_AGGRESSIVE</string>
				<key>GCC_WARN_UNUSED_FUNCTION</key>
				<string>YES</string>
				<key>GCC_WARN_UNUSED_VARIABLE</key>
				<string>YES</string>
				<key>IPHONEOS_DEPLOYMENT_TARGET</key>
				<string>8.4</string>
				<key>MTL_ENABLE_DEBUG_INFO</key>
				<string>YES</string>
				<key>ONLY_ACTIVE_ARCH</key>
				<string>YES</string>
				<key>PROVISIONING_PROFILE</key>
				<string></string>
				<key>SDKROOT</key>
				<string>iphoneos</string>
				<key>SWIFT_OPTIMIZATION_LEVEL</key>
				<string>-Onone</string>
				<key>TARGETED_DEVICE_FAMILY</key>
				<string>1,2</string>
			</dict>
			<key>isa</key>
			<string>XCBuildConfiguration</string>
			<key>name</key>
			<string>Debug</string>
		</dict>
		<key>4CEAA9061B3340C600774FE8</key>
		<dict>
			<key>buildSettings</key>
			<dict>
				<key>ALWAYS_SEARCH_USER_PATHS</key>
				<string>NO</string>
				<key>CLANG_CXX_LANGUAGE_STANDARD</key>
				<string>gnu++0x</string>
				<key>CLANG_CXX_LIBRARY</key>
				<string>libc++</string>
				<key>CLANG_ENABLE_MODULES</key>
				<string>YES</string>
				<key>CLANG_ENABLE_OBJC_ARC</key>
				<string>YES</string>
				<key>CLANG_WARN_BOOL_CONVERSION</key>
				<string>YES</string>
				<key>CLANG_WARN_CONSTANT_CONVERSION</key>
				<string>YES</string>
				<key>CLANG_WARN_DIRECT_OBJC_ISA_USAGE</key>
				<string>YES_ERROR</string>
				<key>CLANG_WARN_EMPTY_BODY</key>
				<string>YES</string>
				<key>CLANG_WARN_ENUM_CONVERSION</key>
				<string>YES</string>
				<key>CLANG_WARN_INT_CONVERSION</key>
				<string>YES</string>
				<key>CLANG_WARN_OBJC_ROOT_CLASS</key>
				<string>YES_ERROR</string>
				<key>CLANG_WARN_UNREACHABLE_CODE</key>
				<string>YES</string>
				<key>CLANG_WARN__DUPLICATE_METHOD_MATCH</key>
				<string>YES</string>
				<key>CODE_SIGN_IDENTITY[sdk=iphoneos*]</key>
				<string>iPhone Distribution</string>
				<key>COPY_PHASE_STRIP</key>
				<string>NO</string>
				<key>DEBUG_INFORMATION_FORMAT</key>
				<string>dwarf-with-dsym</string>
				<key>ENABLE_NS_ASSERTIONS</key>
				<string>NO</string>
				<key>ENABLE_STRICT_OBJC_MSGSEND</key>
				<string>YES</string>
				<key>GCC_C_LANGUAGE_STANDARD</key>
				<string>gnu99</string>
				<key>GCC_NO_COMMON_BLOCKS</key>
				<string>YES</string>
				<key>GCC_WARN_64_TO_32_BIT_CONVERSION</key>
				<string>YES</string>
				<key>GCC_WARN_ABOUT_RETURN_TYPE</key>
				<string>YES_ERROR</string>
				<key>GCC_WARN_UNDECLARED_SELECTOR</key>
				<string>YES</string>
				<key>GCC_WARN_UNINITIALIZED_AUTOS</key>
				<string>YES_AGGRESSIVE</string>
				<key>GCC_WARN_UNUSED_FUNCTION</key>
				<string>YES</string>
				<key>GCC_WARN_UNUSED_VARIABLE</key>
				<string>YES</string>
				<key>IPHONEOS_DEPLOYMENT_TARGET</key>
				<string>8.4</string>
				<key>MTL_ENABLE_DEBUG_INFO</key>
				<string>NO</string>
				<key>PROVISIONING_PROFILE</key>
				<string></string>
				<key>SDKROOT</key>
				<string>iphoneos</string>
				<key>TARGETED_DEVICE_FAMILY</key>
				<string>1,2</string>
				<key>VALIDATE_PRODUCT</key>
				<string>YES</string>
			</dict>
			<key>isa</key>
			<string>XCBuildConfiguration</string>
			<key>name</key>
			<string>Release</string>
		</dict>
		<key>4CEAA9071B3340C600774FE8</key>
		<dict>
			<key>buildConfigurations</key>
			<array>
				<string>4CEAA9081B3340C600774FE8</string>
				<string>4CEAA9091B3340C600774FE8</string>
			</array>
			<key>defaultConfigurationIsVisible</key>
			<string>0</string>
			<key>defaultConfigurationName</key>
			<string>Release</string>
			<key>isa</key>
			<string>XCConfigurationList</string>
		</dict>
		<key>4CEAA9081B3340C600774FE8</key>
		<dict>
			<key>buildSettings</key>
			<dict>
				<key>ASSETCATALOG_COMPILER_APPICON_NAME</key>
				<string>AppIcon</string>
				<key>CODE_SIGN_IDENTITY</key>
				<string></string>
				<key>CODE_SIGN_IDENTITY[sdk=iphoneos*]</key>
				<string>iPhone Developer</string>
				<key>EMBEDDED_CONTENT_CONTAINS_SWIFT</key>
				<string>YES</string>
				<key>ENABLE_BITCODE</key>
				<string>NO</string>
				<key>FRAMEWORK_SEARCH_PATHS</key>
				<array>
					<string>$(inherited)</string>
					<string>$(PROJECT_DIR)/Carthage/Build/iOS</string>
					<string>$(PROJECT_DIR)</string>
				</array>
				<key>INFOPLIST_FILE</key>
				<string>Memories/Supporting Files/Info.plist</string>
				<key>LD_RUNPATH_SEARCH_PATHS</key>
				<string>$(inherited) @executable_path/Frameworks</string>
				<key>PRODUCT_BUNDLE_IDENTIFIER</key>
				<string>com.luacheia.memories</string>
				<key>PRODUCT_NAME</key>
				<string>$(TARGET_NAME)</string>
				<key>PROVISIONING_PROFILE</key>
				<string></string>
				<key>SWIFT_OBJC_BRIDGING_HEADER</key>
				<string></string>
			</dict>
			<key>isa</key>
			<string>XCBuildConfiguration</string>
			<key>name</key>
			<string>Debug</string>
		</dict>
		<key>4CEAA9091B3340C600774FE8</key>
		<dict>
			<key>buildSettings</key>
			<dict>
				<key>ASSETCATALOG_COMPILER_APPICON_NAME</key>
				<string>AppIcon</string>
				<key>CODE_SIGN_IDENTITY</key>
				<string></string>
				<key>CODE_SIGN_IDENTITY[sdk=iphoneos*]</key>
				<string>iPhone Distribution</string>
				<key>EMBEDDED_CONTENT_CONTAINS_SWIFT</key>
				<string>YES</string>
				<key>ENABLE_BITCODE</key>
				<string>YES</string>
				<key>FRAMEWORK_SEARCH_PATHS</key>
				<array>
					<string>$(inherited)</string>
					<string>$(PROJECT_DIR)/Carthage/Build/iOS</string>
					<string>$(PROJECT_DIR)</string>
				</array>
				<key>INFOPLIST_FILE</key>
				<string>Memories/Supporting Files/Info.plist</string>
				<key>LD_RUNPATH_SEARCH_PATHS</key>
				<string>$(inherited) @executable_path/Frameworks</string>
				<key>PRODUCT_BUNDLE_IDENTIFIER</key>
				<string>com.luacheia.memories</string>
				<key>PRODUCT_NAME</key>
				<string>$(TARGET_NAME)</string>
				<key>PROVISIONING_PROFILE</key>
				<string></string>
				<key>SWIFT_OBJC_BRIDGING_HEADER</key>
				<string></string>
			</dict>
			<key>isa</key>
			<string>XCBuildConfiguration</string>
			<key>name</key>
			<string>Release</string>
		</dict>
		<key>4CEAA90D1B3343F700774FE8</key>
		<dict>
			<key>fileEncoding</key>
			<string>4</string>
			<key>isa</key>
			<string>PBXFileReference</string>
			<key>lastKnownFileType</key>
			<string>sourcecode.swift</string>
			<key>path</key>
			<string>GridViewController.swift</string>
			<key>sourceTree</key>
			<string>&lt;group&gt;</string>
		</dict>
		<key>4CEAA90E1B3343F700774FE8</key>
		<dict>
			<key>fileRef</key>
			<string>4CEAA90D1B3343F700774FE8</string>
			<key>isa</key>
			<string>PBXBuildFile</string>
		</dict>
		<key>4CEAA90F1B33462600774FE8</key>
		<dict>
			<key>fileEncoding</key>
			<string>4</string>
			<key>isa</key>
			<string>PBXFileReference</string>
			<key>lastKnownFileType</key>
			<string>sourcecode.swift</string>
			<key>path</key>
			<string>GridViewCell.swift</string>
			<key>sourceTree</key>
			<string>&lt;group&gt;</string>
		</dict>
		<key>4CEAA9101B33462600774FE8</key>
		<dict>
			<key>fileRef</key>
			<string>4CEAA90F1B33462600774FE8</string>
			<key>isa</key>
			<string>PBXBuildFile</string>
		</dict>
		<key>4CF410461C4BB098002FD49A</key>
		<dict>
			<key>buildActionMask</key>
			<string>2147483647</string>
			<key>files</key>
			<array>
				<string>4CF410591C4BB112002FD49A</string>
				<string>4CF4105E1C4BC045002FD49A</string>
			</array>
			<key>isa</key>
			<string>PBXSourcesBuildPhase</string>
			<key>runOnlyForDeploymentPostprocessing</key>
			<string>0</string>
		</dict>
		<key>4CF410471C4BB098002FD49A</key>
		<dict>
			<key>buildActionMask</key>
			<string>2147483647</string>
			<key>files</key>
			<array/>
			<key>isa</key>
			<string>PBXFrameworksBuildPhase</string>
			<key>runOnlyForDeploymentPostprocessing</key>
			<string>0</string>
		</dict>
		<key>4CF410481C4BB098002FD49A</key>
		<dict>
			<key>buildActionMask</key>
			<string>2147483647</string>
			<key>files</key>
			<array>
				<string>4CF4104E1C4BB099002FD49A</string>
			</array>
			<key>isa</key>
			<string>PBXHeadersBuildPhase</string>
			<key>runOnlyForDeploymentPostprocessing</key>
			<string>0</string>
		</dict>
		<key>4CF410491C4BB098002FD49A</key>
		<dict>
			<key>buildActionMask</key>
			<string>2147483647</string>
			<key>files</key>
			<array/>
			<key>isa</key>
			<string>PBXResourcesBuildPhase</string>
			<key>runOnlyForDeploymentPostprocessing</key>
			<string>0</string>
		</dict>
		<key>4CF4104A1C4BB098002FD49A</key>
		<dict>
			<key>buildConfigurationList</key>
			<string>4CF410561C4BB099002FD49A</string>
			<key>buildPhases</key>
			<array>
				<string>4CF410461C4BB098002FD49A</string>
				<string>4CF410471C4BB098002FD49A</string>
				<string>4CF410481C4BB098002FD49A</string>
				<string>4CF410491C4BB098002FD49A</string>
			</array>
			<key>buildRules</key>
			<array/>
			<key>dependencies</key>
			<array/>
			<key>isa</key>
			<string>PBXNativeTarget</string>
			<key>name</key>
			<string>PHAssetHelper</string>
			<key>productName</key>
			<string>PHAssetHelper</string>
			<key>productReference</key>
			<string>4CF4104B1C4BB098002FD49A</string>
			<key>productType</key>
			<string>com.apple.product-type.framework</string>
		</dict>
		<key>4CF4104B1C4BB098002FD49A</key>
		<dict>
			<key>explicitFileType</key>
			<string>wrapper.framework</string>
			<key>includeInIndex</key>
			<string>0</string>
			<key>isa</key>
			<string>PBXFileReference</string>
			<key>path</key>
			<string>PHAssetHelper.framework</string>
			<key>sourceTree</key>
			<string>BUILT_PRODUCTS_DIR</string>
		</dict>
		<key>4CF4104C1C4BB099002FD49A</key>
		<dict>
			<key>children</key>
			<array>
				<string>4CF4104F1C4BB099002FD49A</string>
				<string>4CF4104D1C4BB099002FD49A</string>
				<string>4CF410581C4BB112002FD49A</string>
			</array>
			<key>isa</key>
			<string>PBXGroup</string>
			<key>path</key>
			<string>PHAssetHelper</string>
			<key>sourceTree</key>
			<string>&lt;group&gt;</string>
		</dict>
		<key>4CF4104D1C4BB099002FD49A</key>
		<dict>
			<key>isa</key>
			<string>PBXFileReference</string>
			<key>lastKnownFileType</key>
			<string>sourcecode.c.h</string>
			<key>path</key>
			<string>PHAssetHelper.h</string>
			<key>sourceTree</key>
			<string>&lt;group&gt;</string>
		</dict>
		<key>4CF4104E1C4BB099002FD49A</key>
		<dict>
			<key>fileRef</key>
			<string>4CF4104D1C4BB099002FD49A</string>
			<key>isa</key>
			<string>PBXBuildFile</string>
			<key>settings</key>
			<dict>
				<key>ATTRIBUTES</key>
				<array>
					<string>Public</string>
				</array>
			</dict>
		</dict>
		<key>4CF4104F1C4BB099002FD49A</key>
		<dict>
			<key>isa</key>
			<string>PBXFileReference</string>
			<key>lastKnownFileType</key>
			<string>text.plist.xml</string>
			<key>path</key>
			<string>Info.plist</string>
			<key>sourceTree</key>
			<string>&lt;group&gt;</string>
		</dict>
		<key>4CF410501C4BB099002FD49A</key>
		<dict>
			<key>containerPortal</key>
			<string>4CEAA8E01B3340C600774FE8</string>
			<key>isa</key>
			<string>PBXContainerItemProxy</string>
			<key>proxyType</key>
			<string>1</string>
			<key>remoteGlobalIDString</key>
			<string>4CF4104A1C4BB098002FD49A</string>
			<key>remoteInfo</key>
			<string>PHAssetHelper</string>
		</dict>
		<key>4CF410511C4BB099002FD49A</key>
		<dict>
			<key>isa</key>
			<string>PBXTargetDependency</string>
			<key>target</key>
			<string>4CF4104A1C4BB098002FD49A</string>
			<key>targetProxy</key>
			<string>4CF410501C4BB099002FD49A</string>
		</dict>
		<key>4CF410521C4BB099002FD49A</key>
		<dict>
			<key>fileRef</key>
			<string>4CF4104B1C4BB098002FD49A</string>
			<key>isa</key>
			<string>PBXBuildFile</string>
		</dict>
		<key>4CF410531C4BB099002FD49A</key>
		<dict>
			<key>fileRef</key>
			<string>4CF4104B1C4BB098002FD49A</string>
			<key>isa</key>
			<string>PBXBuildFile</string>
			<key>settings</key>
			<dict>
				<key>ATTRIBUTES</key>
				<array>
					<string>CodeSignOnCopy</string>
					<string>RemoveHeadersOnCopy</string>
				</array>
			</dict>
		</dict>
		<key>4CF410541C4BB099002FD49A</key>
		<dict>
			<key>buildSettings</key>
			<dict>
				<key>APPLICATION_EXTENSION_API_ONLY</key>
				<string>YES</string>
				<key>CLANG_ENABLE_MODULES</key>
				<string>YES</string>
				<key>CURRENT_PROJECT_VERSION</key>
				<string>1</string>
				<key>DEBUG_INFORMATION_FORMAT</key>
				<string>dwarf</string>
				<key>DEFINES_MODULE</key>
				<string>YES</string>
				<key>DYLIB_COMPATIBILITY_VERSION</key>
				<string>1</string>
				<key>DYLIB_CURRENT_VERSION</key>
				<string>1</string>
				<key>DYLIB_INSTALL_NAME_BASE</key>
				<string>@rpath</string>
				<key>INFOPLIST_FILE</key>
				<string>PHAssetHelper/Info.plist</string>
				<key>INSTALL_PATH</key>
				<string>$(LOCAL_LIBRARY_DIR)/Frameworks</string>
				<key>IPHONEOS_DEPLOYMENT_TARGET</key>
				<string>8.4</string>
				<key>LD_RUNPATH_SEARCH_PATHS</key>
				<string>$(inherited) @executable_path/Frameworks @loader_path/Frameworks</string>
				<key>PRODUCT_BUNDLE_IDENTIFIER</key>
				<string>com.luacheia.PHAssetHelper</string>
				<key>PRODUCT_NAME</key>
				<string>$(TARGET_NAME)</string>
				<key>SKIP_INSTALL</key>
				<string>YES</string>
				<key>SWIFT_OPTIMIZATION_LEVEL</key>
				<string>-Onone</string>
				<key>VERSIONING_SYSTEM</key>
				<string>apple-generic</string>
				<key>VERSION_INFO_PREFIX</key>
				<string></string>
			</dict>
			<key>isa</key>
			<string>XCBuildConfiguration</string>
			<key>name</key>
			<string>Debug</string>
		</dict>
		<key>4CF410551C4BB099002FD49A</key>
		<dict>
			<key>buildSettings</key>
			<dict>
				<key>APPLICATION_EXTENSION_API_ONLY</key>
				<string>YES</string>
				<key>CLANG_ENABLE_MODULES</key>
				<string>YES</string>
				<key>CODE_SIGN_IDENTITY[sdk=iphoneos*]</key>
				<string>iPhone Distribution</string>
				<key>CURRENT_PROJECT_VERSION</key>
				<string>1</string>
				<key>DEFINES_MODULE</key>
				<string>YES</string>
				<key>DYLIB_COMPATIBILITY_VERSION</key>
				<string>1</string>
				<key>DYLIB_CURRENT_VERSION</key>
				<string>1</string>
				<key>DYLIB_INSTALL_NAME_BASE</key>
				<string>@rpath</string>
				<key>INFOPLIST_FILE</key>
				<string>PHAssetHelper/Info.plist</string>
				<key>INSTALL_PATH</key>
				<string>$(LOCAL_LIBRARY_DIR)/Frameworks</string>
				<key>IPHONEOS_DEPLOYMENT_TARGET</key>
				<string>8.4</string>
				<key>LD_RUNPATH_SEARCH_PATHS</key>
				<string>$(inherited) @executable_path/Frameworks @loader_path/Frameworks</string>
				<key>PRODUCT_BUNDLE_IDENTIFIER</key>
				<string>com.luacheia.PHAssetHelper</string>
				<key>PRODUCT_NAME</key>
				<string>$(TARGET_NAME)</string>
				<key>SKIP_INSTALL</key>
				<string>YES</string>
				<key>VERSIONING_SYSTEM</key>
				<string>apple-generic</string>
				<key>VERSION_INFO_PREFIX</key>
				<string></string>
			</dict>
			<key>isa</key>
			<string>XCBuildConfiguration</string>
			<key>name</key>
			<string>Release</string>
		</dict>
		<key>4CF410561C4BB099002FD49A</key>
		<dict>
			<key>buildConfigurations</key>
			<array>
				<string>4CF410541C4BB099002FD49A</string>
				<string>4CF410551C4BB099002FD49A</string>
			</array>
			<key>defaultConfigurationIsVisible</key>
			<string>0</string>
			<key>defaultConfigurationName</key>
			<string>Release</string>
			<key>isa</key>
			<string>XCConfigurationList</string>
		</dict>
		<key>4CF410571C4BB099002FD49A</key>
		<dict>
			<key>buildActionMask</key>
			<string>2147483647</string>
			<key>dstPath</key>
			<string></string>
			<key>dstSubfolderSpec</key>
			<string>10</string>
			<key>files</key>
			<array>
				<string>4CF410531C4BB099002FD49A</string>
			</array>
			<key>isa</key>
			<string>PBXCopyFilesBuildPhase</string>
			<key>name</key>
			<string>Embed Frameworks</string>
			<key>runOnlyForDeploymentPostprocessing</key>
			<string>0</string>
		</dict>
		<key>4CF410581C4BB112002FD49A</key>
		<dict>
			<key>fileEncoding</key>
			<string>4</string>
			<key>isa</key>
			<string>PBXFileReference</string>
			<key>lastKnownFileType</key>
			<string>sourcecode.swift</string>
			<key>path</key>
			<string>PHAssetHelper.swift</string>
			<key>sourceTree</key>
			<string>&lt;group&gt;</string>
		</dict>
		<key>4CF410591C4BB112002FD49A</key>
		<dict>
			<key>fileRef</key>
			<string>4CF410581C4BB112002FD49A</string>
			<key>isa</key>
			<string>PBXBuildFile</string>
		</dict>
		<key>4CF4105A1C4BB466002FD49A</key>
		<dict>
			<key>fileRef</key>
			<string>4CF4104B1C4BB098002FD49A</string>
			<key>isa</key>
			<string>PBXBuildFile</string>
		</dict>
		<key>4CF4105B1C4BB732002FD49A</key>
		<dict>
			<key>fileEncoding</key>
			<string>4</string>
			<key>isa</key>
			<string>PBXFileReference</string>
			<key>lastKnownFileType</key>
			<string>sourcecode.swift</string>
			<key>path</key>
			<string>DateUtils.swift</string>
			<key>sourceTree</key>
			<string>&lt;group&gt;</string>
		</dict>
		<key>4CF4105C1C4BB732002FD49A</key>
		<dict>
			<key>fileRef</key>
			<string>4CF4105B1C4BB732002FD49A</string>
			<key>isa</key>
			<string>PBXBuildFile</string>
		</dict>
		<key>4CF4105D1C4BC044002FD49A</key>
		<dict>
			<key>fileRef</key>
			<string>4CF4105B1C4BB732002FD49A</string>
			<key>isa</key>
			<string>PBXBuildFile</string>
		</dict>
		<key>4CF4105E1C4BC045002FD49A</key>
		<dict>
			<key>fileRef</key>
			<string>4CF4105B1C4BB732002FD49A</string>
			<key>isa</key>
			<string>PBXBuildFile</string>
		</dict>
		<key>4CF5747F1C06749B00D12ADB</key>
		<dict>
			<key>fileEncoding</key>
			<string>4</string>
			<key>isa</key>
			<string>PBXFileReference</string>
			<key>lastKnownFileType</key>
			<string>sourcecode.swift</string>
			<key>path</key>
			<string>DatePickerRowView.swift</string>
			<key>sourceTree</key>
			<string>&lt;group&gt;</string>
		</dict>
		<key>4CF574801C06749B00D12ADB</key>
		<dict>
			<key>fileRef</key>
			<string>4CF5747F1C06749B00D12ADB</string>
			<key>isa</key>
			<string>PBXBuildFile</string>
		</dict>
		<key>4CF5FEEE1B58212700F8517D</key>
		<dict>
			<key>fileEncoding</key>
			<string>4</string>
			<key>isa</key>
			<string>PBXFileReference</string>
			<key>lastKnownFileType</key>
			<string>sourcecode.swift</string>
			<key>path</key>
			<string>GridViewModel.swift</string>
			<key>sourceTree</key>
			<string>&lt;group&gt;</string>
		</dict>
		<key>4CF5FEEF1B58212700F8517D</key>
		<dict>
			<key>fileRef</key>
			<string>4CF5FEEE1B58212700F8517D</string>
			<key>isa</key>
			<string>PBXBuildFile</string>
		</dict>
	</dict>
	<key>rootObject</key>
	<string>4CEAA8E01B3340C600774FE8</string>
</dict>
</plist>
