{
  "object": {
    "pins": [
      {
        "package": "Cartography",
        "repositoryURL": "https://github.com/robb/Cartography",
        "state": {
          "branch": null,
          "revision": "b75197ea134f42b5feafb04b526b37eb1a41034b",
          "version": "4.0.0"
        }
      },
      {
        "package": "ReactiveCocoa",
        "repositoryURL": "https://github.com/ReactiveCocoa/ReactiveCocoa",
        "state": {
          "branch": null,
          "revision": "cca8bdc26d10a889b8bec3cc2167544df730953e",
          "version": "11.1.0"
        }
      },
      {
        "package": "ReactiveSwift",
        "repositoryURL": "https://github.com/ReactiveCocoa/ReactiveSwift",
        "state": {
          "branch": null,
          "revision": "e03cda84105ba707de039b757e2b2de868c65a3e",
          "version": "6.5.0"
        }
      }
    ]
  },
  "version": 1
}
